PODS:
  - Keys (1.0.1)
  - SwiftLint (0.43.1)

DEPENDENCIES:
  - Keys (from `Pods/CocoaPodsKeys`)
  - SwiftLint

SPEC REPOS:
  trunk:
    - SwiftLint

EXTERNAL SOURCES:
  Keys:
    :path: Pods/CocoaPodsKeys

SPEC CHECKSUMS:
  Keys: a576f4c9c1c641ca913a959a9c62ed3f215a8de9
  SwiftLint: 99f82d07b837b942dd563c668de129a03fc3fb52

PODFILE CHECKSUM: 2b887fddfe62362f6e684734b775344c88977373

COCOAPODS: 1.10.1
