// !$*UTF8*$!
{
	archiveVersion = 1;
	classes = {
	};
	objectVersion = 50;
	objects = {

/* Begin PBXBuildFile section */
		31B0BD083288C76F7BC78DFB /* Pods_Game_Catalogue.framework in Frameworks */ = {isa = PBXBuildFile; fileRef = 12316A9D2518443FFF5ABFF2 /* Pods_Game_Catalogue.framework */; };
		CF432A1526C786C700A73D96 /* FavouritesScreen.swift in Sources */ = {isa = PBXBuildFile; fileRef = CF432A1426C786C700A73D96 /* FavouritesScreen.swift */; };
		CF432A1826C786D100A73D96 /* ExploreScreen.swift in Sources */ = {isa = PBXBuildFile; fileRef = CF432A1726C786D100A73D96 /* ExploreScreen.swift */; };
		CF432A1B26C786DF00A73D96 /* ProfileScreen.swift in Sources */ = {isa = PBXBuildFile; fileRef = CF432A1A26C786DF00A73D96 /* ProfileScreen.swift */; };
		CF432A2826C78E7200A73D96 /* AsyncImage.swift in Sources */ = {isa = PBXBuildFile; fileRef = CF432A2726C78E7200A73D96 /* AsyncImage.swift */; };
		CF432A2B26C799BA00A73D96 /* ImageSlider.swift in Sources */ = {isa = PBXBuildFile; fileRef = CF432A2A26C799BA00A73D96 /* ImageSlider.swift */; };
		CF54A3B926C6514E00F89E4F /* HomeScreen.swift in Sources */ = {isa = PBXBuildFile; fileRef = CF54A3B826C6514E00F89E4F /* HomeScreen.swift */; };
		CF6213EF26C3934100580054 /* Game_CatalogueApp.swift in Sources */ = {isa = PBXBuildFile; fileRef = CF6213EE26C3934100580054 /* Game_CatalogueApp.swift */; };
		CF6213F326C3934200580054 /* Assets.xcassets in Resources */ = {isa = PBXBuildFile; fileRef = CF6213F226C3934200580054 /* Assets.xcassets */; };
		CF6213F626C3934200580054 /* Preview Assets.xcassets in Resources */ = {isa = PBXBuildFile; fileRef = CF6213F526C3934200580054 /* Preview Assets.xcassets */; };
		CFD34E9E26C8EE67001832D8 /* SectionTitle.swift in Sources */ = {isa = PBXBuildFile; fileRef = CFD34E9D26C8EE67001832D8 /* SectionTitle.swift */; };
/* End PBXBuildFile section */

/* Begin PBXFileReference section */
		12316A9D2518443FFF5ABFF2 /* Pods_Game_Catalogue.framework */ = {isa = PBXFileReference; explicitFileType = wrapper.framework; includeInIndex = 0; path = Pods_Game_Catalogue.framework; sourceTree = BUILT_PRODUCTS_DIR; };
		3F3FC36BE2D4F44DB715F468 /* Pods-Game Catalogue.debug.xcconfig */ = {isa = PBXFileReference; includeInIndex = 1; lastKnownFileType = text.xcconfig; name = "Pods-Game Catalogue.debug.xcconfig"; path = "Target Support Files/Pods-Game Catalogue/Pods-Game Catalogue.debug.xcconfig"; sourceTree = "<group>"; };
		C2444ACDC4281FD1375B1BDB /* Pods-Game Catalogue.release.xcconfig */ = {isa = PBXFileReference; includeInIndex = 1; lastKnownFileType = text.xcconfig; name = "Pods-Game Catalogue.release.xcconfig"; path = "Target Support Files/Pods-Game Catalogue/Pods-Game Catalogue.release.xcconfig"; sourceTree = "<group>"; };
		CF432A1426C786C700A73D96 /* FavouritesScreen.swift */ = {isa = PBXFileReference; lastKnownFileType = sourcecode.swift; path = FavouritesScreen.swift; sourceTree = "<group>"; };
		CF432A1726C786D100A73D96 /* ExploreScreen.swift */ = {isa = PBXFileReference; lastKnownFileType = sourcecode.swift; path = ExploreScreen.swift; sourceTree = "<group>"; };
		CF432A1A26C786DF00A73D96 /* ProfileScreen.swift */ = {isa = PBXFileReference; lastKnownFileType = sourcecode.swift; path = ProfileScreen.swift; sourceTree = "<group>"; };
		CF432A2726C78E7200A73D96 /* AsyncImage.swift */ = {isa = PBXFileReference; lastKnownFileType = sourcecode.swift; path = AsyncImage.swift; sourceTree = "<group>"; };
		CF432A2A26C799BA00A73D96 /* ImageSlider.swift */ = {isa = PBXFileReference; lastKnownFileType = sourcecode.swift; path = ImageSlider.swift; sourceTree = "<group>"; };
		CF54A3B826C6514E00F89E4F /* HomeScreen.swift */ = {isa = PBXFileReference; lastKnownFileType = sourcecode.swift; path = HomeScreen.swift; sourceTree = "<group>"; };
		CF6213EB26C3934100580054 /* Game Catalogue.app */ = {isa = PBXFileReference; explicitFileType = wrapper.application; includeInIndex = 0; path = "Game Catalogue.app"; sourceTree = BUILT_PRODUCTS_DIR; };
		CF6213EE26C3934100580054 /* Game_CatalogueApp.swift */ = {isa = PBXFileReference; lastKnownFileType = sourcecode.swift; path = Game_CatalogueApp.swift; sourceTree = "<group>"; };
		CF6213F226C3934200580054 /* Assets.xcassets */ = {isa = PBXFileReference; lastKnownFileType = folder.assetcatalog; path = Assets.xcassets; sourceTree = "<group>"; };
		CF6213F526C3934200580054 /* Preview Assets.xcassets */ = {isa = PBXFileReference; lastKnownFileType = folder.assetcatalog; path = "Preview Assets.xcassets"; sourceTree = "<group>"; };
		CF6213F726C3934200580054 /* Info.plist */ = {isa = PBXFileReference; lastKnownFileType = text.plist.xml; path = Info.plist; sourceTree = "<group>"; };
		CFD34E9D26C8EE67001832D8 /* SectionTitle.swift */ = {isa = PBXFileReference; lastKnownFileType = sourcecode.swift; path = SectionTitle.swift; sourceTree = "<group>"; };
/* End PBXFileReference section */

/* Begin PBXFrameworksBuildPhase section */
		CF6213E826C3934100580054 /* Frameworks */ = {
			isa = PBXFrameworksBuildPhase;
			buildActionMask = 2147483647;
			files = (
				31B0BD083288C76F7BC78DFB /* Pods_Game_Catalogue.framework in Frameworks */,
			);
			runOnlyForDeploymentPostprocessing = 0;
		};
/* End PBXFrameworksBuildPhase section */

/* Begin PBXGroup section */
		9F9E4ABF0C4EAC14252D1F23 /* Frameworks */ = {
			isa = PBXGroup;
			children = (
				12316A9D2518443FFF5ABFF2 /* Pods_Game_Catalogue.framework */,
			);
			name = Frameworks;
			sourceTree = "<group>";
		};
		CF432A2626C78D5600A73D96 /* Components */ = {
			isa = PBXGroup;
			children = (
				CF432A2726C78E7200A73D96 /* AsyncImage.swift */,
				CF432A2A26C799BA00A73D96 /* ImageSlider.swift */,
				CFD34E9D26C8EE67001832D8 /* SectionTitle.swift */,
			);
			path = Components;
			sourceTree = "<group>";
		};
		CF54A3B726C6513600F89E4F /* Screen */ = {
			isa = PBXGroup;
			children = (
				CF54A3B826C6514E00F89E4F /* HomeScreen.swift */,
				CF432A1426C786C700A73D96 /* FavouritesScreen.swift */,
				CF432A1726C786D100A73D96 /* ExploreScreen.swift */,
				CF432A1A26C786DF00A73D96 /* ProfileScreen.swift */,
			);
			path = Screen;
			sourceTree = "<group>";
		};
		CF6213E226C3934100580054 = {
			isa = PBXGroup;
			children = (
				CF6213ED26C3934100580054 /* Game Catalogue */,
				CF6213EC26C3934100580054 /* Products */,
				FC607325D685CF6188089A6B /* Pods */,
				9F9E4ABF0C4EAC14252D1F23 /* Frameworks */,
			);
			sourceTree = "<group>";
		};
		CF6213EC26C3934100580054 /* Products */ = {
			isa = PBXGroup;
			children = (
				CF6213EB26C3934100580054 /* Game Catalogue.app */,
			);
			name = Products;
			sourceTree = "<group>";
		};
		CF6213ED26C3934100580054 /* Game Catalogue */ = {
			isa = PBXGroup;
			children = (
				CF432A2626C78D5600A73D96 /* Components */,
				CF54A3B726C6513600F89E4F /* Screen */,
				CF6213EE26C3934100580054 /* Game_CatalogueApp.swift */,
				CF6213F226C3934200580054 /* Assets.xcassets */,
				CF6213F726C3934200580054 /* Info.plist */,
				CF6213F426C3934200580054 /* Preview Content */,
			);
			path = "Game Catalogue";
			sourceTree = "<group>";
		};
		CF6213F426C3934200580054 /* Preview Content */ = {
			isa = PBXGroup;
			children = (
				CF6213F526C3934200580054 /* Preview Assets.xcassets */,
			);
			path = "Preview Content";
			sourceTree = "<group>";
		};
		FC607325D685CF6188089A6B /* Pods */ = {
			isa = PBXGroup;
			children = (
				3F3FC36BE2D4F44DB715F468 /* Pods-Game Catalogue.debug.xcconfig */,
				C2444ACDC4281FD1375B1BDB /* Pods-Game Catalogue.release.xcconfig */,
			);
			path = Pods;
			sourceTree = "<group>";
		};
/* End PBXGroup section */

/* Begin PBXNativeTarget section */
		CF6213EA26C3934100580054 /* Game Catalogue */ = {
			isa = PBXNativeTarget;
			buildConfigurationList = CF6213FA26C3934200580054 /* Build configuration list for PBXNativeTarget "Game Catalogue" */;
			buildPhases = (
				99962E54CE7EF3E5F28D4255 /* [CP] Check Pods Manifest.lock */,
				CF6213E726C3934100580054 /* Sources */,
				CF6213E826C3934100580054 /* Frameworks */,
				CF6213E926C3934100580054 /* Resources */,
				CF62140226C393BA00580054 /* ShellScript */,
			);
			buildRules = (
			);
			dependencies = (
			);
			name = "Game Catalogue";
			productName = "Game Catalogue";
			productReference = CF6213EB26C3934100580054 /* Game Catalogue.app */;
			productType = "com.apple.product-type.application";
		};
/* End PBXNativeTarget section */

/* Begin PBXProject section */
		CF6213E326C3934100580054 /* Project object */ = {
			isa = PBXProject;
			attributes = {
				LastSwiftUpdateCheck = 1240;
				LastUpgradeCheck = 1240;
				TargetAttributes = {
					CF6213EA26C3934100580054 = {
						CreatedOnToolsVersion = 12.4;
					};
				};
			};
			buildConfigurationList = CF6213E626C3934100580054 /* Build configuration list for PBXProject "Game Catalogue" */;
			compatibilityVersion = "Xcode 9.3";
			developmentRegion = en;
			hasScannedForEncodings = 0;
			knownRegions = (
				en,
				Base,
			);
			mainGroup = CF6213E226C3934100580054;
			productRefGroup = CF6213EC26C3934100580054 /* Products */;
			projectDirPath = "";
			projectRoot = "";
			targets = (
				CF6213EA26C3934100580054 /* Game Catalogue */,
			);
		};
/* End PBXProject section */

/* Begin PBXResourcesBuildPhase section */
		CF6213E926C3934100580054 /* Resources */ = {
			isa = PBXResourcesBuildPhase;
			buildActionMask = 2147483647;
			files = (
				CF6213F626C3934200580054 /* Preview Assets.xcassets in Resources */,
				CF6213F326C3934200580054 /* Assets.xcassets in Resources */,
			);
			runOnlyForDeploymentPostprocessing = 0;
		};
/* End PBXResourcesBuildPhase section */

/* Begin PBXShellScriptBuildPhase section */
		99962E54CE7EF3E5F28D4255 /* [CP] Check Pods Manifest.lock */ = {
			isa = PBXShellScriptBuildPhase;
			buildActionMask = 2147483647;
			files = (
			);
			inputFileListPaths = (
			);
			inputPaths = (
				"${PODS_PODFILE_DIR_PATH}/Podfile.lock",
				"${PODS_ROOT}/Manifest.lock",
			);
			name = "[CP] Check Pods Manifest.lock";
			outputFileListPaths = (
			);
			outputPaths = (
				"$(DERIVED_FILE_DIR)/Pods-Game Catalogue-checkManifestLockResult.txt",
			);
			runOnlyForDeploymentPostprocessing = 0;
			shellPath = /bin/sh;
			shellScript = "diff \"${PODS_PODFILE_DIR_PATH}/Podfile.lock\" \"${PODS_ROOT}/Manifest.lock\" > /dev/null\nif [ $? != 0 ] ; then\n    # print error to STDERR\n    echo \"error: The sandbox is not in sync with the Podfile.lock. Run 'pod install' or update your CocoaPods installation.\" >&2\n    exit 1\nfi\n# This output is used by Xcode 'outputs' to avoid re-running this script phase.\necho \"SUCCESS\" > \"${SCRIPT_OUTPUT_FILE_0}\"\n";
			showEnvVarsInLog = 0;
		};
		CF62140226C393BA00580054 /* ShellScript */ = {
			isa = PBXShellScriptBuildPhase;
			buildActionMask = 2147483647;
			files = (
			);
			inputFileListPaths = (
			);
			inputPaths = (
			);
			outputFileListPaths = (
			);
			outputPaths = (
			);
			runOnlyForDeploymentPostprocessing = 0;
			shellPath = /bin/sh;
			shellScript = "Pods/SwiftLint/swiftlint\n";
		};
/* End PBXShellScriptBuildPhase section */

/* Begin PBXSourcesBuildPhase section */
		CF6213E726C3934100580054 /* Sources */ = {
			isa = PBXSourcesBuildPhase;
			buildActionMask = 2147483647;
			files = (
				CF432A1526C786C700A73D96 /* FavouritesScreen.swift in Sources */,
				CF432A2B26C799BA00A73D96 /* ImageSlider.swift in Sources */,
				CF6213EF26C3934100580054 /* Game_CatalogueApp.swift in Sources */,
				CF432A1826C786D100A73D96 /* ExploreScreen.swift in Sources */,
				CFD34E9E26C8EE67001832D8 /* SectionTitle.swift in Sources */,
				CF54A3B926C6514E00F89E4F /* HomeScreen.swift in Sources */,
				CF432A2826C78E7200A73D96 /* AsyncImage.swift in Sources */,
				CF432A1B26C786DF00A73D96 /* ProfileScreen.swift in Sources */,
			);
			runOnlyForDeploymentPostprocessing = 0;
		};
/* End PBXSourcesBuildPhase section */

/* Begin XCBuildConfiguration section */
		CF6213F826C3934200580054 /* Debug */ = {
			isa = XCBuildConfiguration;
			buildSettings = {
				ALWAYS_SEARCH_USER_PATHS = NO;
				CLANG_ANALYZER_NONNULL = YES;
				CLANG_ANALYZER_NUMBER_OBJECT_CONVERSION = YES_AGGRESSIVE;
				CLANG_CXX_LANGUAGE_STANDARD = "gnu++14";
				CLANG_CXX_LIBRARY = "libc++";
				CLANG_ENABLE_MODULES = YES;
				CLANG_ENABLE_OBJC_ARC = YES;
				CLANG_ENABLE_OBJC_WEAK = YES;
				CLANG_WARN_BLOCK_CAPTURE_AUTORELEASING = YES;
				CLANG_WARN_BOOL_CONVERSION = YES;
				CLANG_WARN_COMMA = YES;
				CLANG_WARN_CONSTANT_CONVERSION = YES;
				CLANG_WARN_DEPRECATED_OBJC_IMPLEMENTATIONS = YES;
				CLANG_WARN_DIRECT_OBJC_ISA_USAGE = YES_ERROR;
				CLANG_WARN_DOCUMENTATION_COMMENTS = YES;
				CLANG_WARN_EMPTY_BODY = YES;
				CLANG_WARN_ENUM_CONVERSION = YES;
				CLANG_WARN_INFINITE_RECURSION = YES;
				CLANG_WARN_INT_CONVERSION = YES;
				CLANG_WARN_NON_LITERAL_NULL_CONVERSION = YES;
				CLANG_WARN_OBJC_IMPLICIT_RETAIN_SELF = YES;
				CLANG_WARN_OBJC_LITERAL_CONVERSION = YES;
				CLANG_WARN_OBJC_ROOT_CLASS = YES_ERROR;
				CLANG_WARN_QUOTED_INCLUDE_IN_FRAMEWORK_HEADER = YES;
				CLANG_WARN_RANGE_LOOP_ANALYSIS = YES;
				CLANG_WARN_STRICT_PROTOTYPES = YES;
				CLANG_WARN_SUSPICIOUS_MOVE = YES;
				CLANG_WARN_UNGUARDED_AVAILABILITY = YES_AGGRESSIVE;
				CLANG_WARN_UNREACHABLE_CODE = YES;
				CLANG_WARN__DUPLICATE_METHOD_MATCH = YES;
				COPY_PHASE_STRIP = NO;
				DEBUG_INFORMATION_FORMAT = dwarf;
				ENABLE_STRICT_OBJC_MSGSEND = YES;
				ENABLE_TESTABILITY = YES;
				GCC_C_LANGUAGE_STANDARD = gnu11;
				GCC_DYNAMIC_NO_PIC = NO;
				GCC_NO_COMMON_BLOCKS = YES;
				GCC_OPTIMIZATION_LEVEL = 0;
				GCC_PREPROCESSOR_DEFINITIONS = (
					"DEBUG=1",
					"$(inherited)",
				);
				GCC_WARN_64_TO_32_BIT_CONVERSION = YES;
				GCC_WARN_ABOUT_RETURN_TYPE = YES_ERROR;
				GCC_WARN_UNDECLARED_SELECTOR = YES;
				GCC_WARN_UNINITIALIZED_AUTOS = YES_AGGRESSIVE;
				GCC_WARN_UNUSED_FUNCTION = YES;
				GCC_WARN_UNUSED_VARIABLE = YES;
				IPHONEOS_DEPLOYMENT_TARGET = 14.4;
				MTL_ENABLE_DEBUG_INFO = INCLUDE_SOURCE;
				MTL_FAST_MATH = YES;
				ONLY_ACTIVE_ARCH = YES;
				SDKROOT = iphoneos;
				SWIFT_ACTIVE_COMPILATION_CONDITIONS = DEBUG;
				SWIFT_OPTIMIZATION_LEVEL = "-Onone";
			};
			name = Debug;
		};
		CF6213F926C3934200580054 /* Release */ = {
			isa = XCBuildConfiguration;
			buildSettings = {
				ALWAYS_SEARCH_USER_PATHS = NO;
				CLANG_ANALYZER_NONNULL = YES;
				CLANG_ANALYZER_NUMBER_OBJECT_CONVERSION = YES_AGGRESSIVE;
				CLANG_CXX_LANGUAGE_STANDARD = "gnu++14";
				CLANG_CXX_LIBRARY = "libc++";
				CLANG_ENABLE_MODULES = YES;
				CLANG_ENABLE_OBJC_ARC = YES;
				CLANG_ENABLE_OBJC_WEAK = YES;
				CLANG_WARN_BLOCK_CAPTURE_AUTORELEASING = YES;
				CLANG_WARN_BOOL_CONVERSION = YES;
				CLANG_WARN_COMMA = YES;
				CLANG_WARN_CONSTANT_CONVERSION = YES;
				CLANG_WARN_DEPRECATED_OBJC_IMPLEMENTATIONS = YES;
				CLANG_WARN_DIRECT_OBJC_ISA_USAGE = YES_ERROR;
				CLANG_WARN_DOCUMENTATION_COMMENTS = YES;
				CLANG_WARN_EMPTY_BODY = YES;
				CLANG_WARN_ENUM_CONVERSION = YES;
				CLANG_WARN_INFINITE_RECURSION = YES;
				CLANG_WARN_INT_CONVERSION = YES;
				CLANG_WARN_NON_LITERAL_NULL_CONVERSION = YES;
				CLANG_WARN_OBJC_IMPLICIT_RETAIN_SELF = YES;
				CLANG_WARN_OBJC_LITERAL_CONVERSION = YES;
				CLANG_WARN_OBJC_ROOT_CLASS = YES_ERROR;
				CLANG_WARN_QUOTED_INCLUDE_IN_FRAMEWORK_HEADER = YES;
				CLANG_WARN_RANGE_LOOP_ANALYSIS = YES;
				CLANG_WARN_STRICT_PROTOTYPES = YES;
				CLANG_WARN_SUSPICIOUS_MOVE = YES;
				CLANG_WARN_UNGUARDED_AVAILABILITY = YES_AGGRESSIVE;
				CLANG_WARN_UNREACHABLE_CODE = YES;
				CLANG_WARN__DUPLICATE_METHOD_MATCH = YES;
				COPY_PHASE_STRIP = NO;
				DEBUG_INFORMATION_FORMAT = "dwarf-with-dsym";
				ENABLE_NS_ASSERTIONS = NO;
				ENABLE_STRICT_OBJC_MSGSEND = YES;
				GCC_C_LANGUAGE_STANDARD = gnu11;
				GCC_NO_COMMON_BLOCKS = YES;
				GCC_WARN_64_TO_32_BIT_CONVERSION = YES;
				GCC_WARN_ABOUT_RETURN_TYPE = YES_ERROR;
				GCC_WARN_UNDECLARED_SELECTOR = YES;
				GCC_WARN_UNINITIALIZED_AUTOS = YES_AGGRESSIVE;
				GCC_WARN_UNUSED_FUNCTION = YES;
				GCC_WARN_UNUSED_VARIABLE = YES;
				IPHONEOS_DEPLOYMENT_TARGET = 14.4;
				MTL_ENABLE_DEBUG_INFO = NO;
				MTL_FAST_MATH = YES;
				SDKROOT = iphoneos;
				SWIFT_COMPILATION_MODE = wholemodule;
				SWIFT_OPTIMIZATION_LEVEL = "-O";
				VALIDATE_PRODUCT = YES;
			};
			name = Release;
		};
		CF6213FB26C3934200580054 /* Debug */ = {
			isa = XCBuildConfiguration;
			baseConfigurationReference = 3F3FC36BE2D4F44DB715F468 /* Pods-Game Catalogue.debug.xcconfig */;
			buildSettings = {
				ASSETCATALOG_COMPILER_APPICON_NAME = AppIcon;
				ASSETCATALOG_COMPILER_GLOBAL_ACCENT_COLOR_NAME = AccentColor;
				CODE_SIGN_STYLE = Automatic;
				DEVELOPMENT_ASSET_PATHS = "\"Game Catalogue/Preview Content\"";
				DEVELOPMENT_TEAM = RLQU784C73;
				ENABLE_PREVIEWS = YES;
				INFOPLIST_FILE = "Game Catalogue/Info.plist";
				IPHONEOS_DEPLOYMENT_TARGET = 14.0;
				LD_RUNPATH_SEARCH_PATHS = (
					"$(inherited)",
					"@executable_path/Frameworks",
				);
				PRODUCT_BUNDLE_IDENTIFIER = "dev.rudiyanto.Game-Catalogue";
				PRODUCT_NAME = "$(TARGET_NAME)";
				SWIFT_VERSION = 5.0;
				TARGETED_DEVICE_FAMILY = "1,2";
			};
			name = Debug;
		};
		CF6213FC26C3934200580054 /* Release */ = {
			isa = XCBuildConfiguration;
			baseConfigurationReference = C2444ACDC4281FD1375B1BDB /* Pods-Game Catalogue.release.xcconfig */;
			buildSettings = {
				ASSETCATALOG_COMPILER_APPICON_NAME = AppIcon;
				ASSETCATALOG_COMPILER_GLOBAL_ACCENT_COLOR_NAME = AccentColor;
				CODE_SIGN_STYLE = Automatic;
				DEVELOPMENT_ASSET_PATHS = "\"Game Catalogue/Preview Content\"";
				DEVELOPMENT_TEAM = RLQU784C73;
				ENABLE_PREVIEWS = YES;
				INFOPLIST_FILE = "Game Catalogue/Info.plist";
				IPHONEOS_DEPLOYMENT_TARGET = 14.0;
				LD_RUNPATH_SEARCH_PATHS = (
					"$(inherited)",
					"@executable_path/Frameworks",
				);
				PRODUCT_BUNDLE_IDENTIFIER = "dev.rudiyanto.Game-Catalogue";
				PRODUCT_NAME = "$(TARGET_NAME)";
				SWIFT_VERSION = 5.0;
				TARGETED_DEVICE_FAMILY = "1,2";
			};
			name = Release;
		};
/* End XCBuildConfiguration section */

/* Begin XCConfigurationList section */
		CF6213E626C3934100580054 /* Build configuration list for PBXProject "Game Catalogue" */ = {
			isa = XCConfigurationList;
			buildConfigurations = (
				CF6213F826C3934200580054 /* Debug */,
				CF6213F926C3934200580054 /* Release */,
			);
			defaultConfigurationIsVisible = 0;
			defaultConfigurationName = Release;
		};
		CF6213FA26C3934200580054 /* Build configuration list for PBXNativeTarget "Game Catalogue" */ = {
			isa = XCConfigurationList;
			buildConfigurations = (
				CF6213FB26C3934200580054 /* Debug */,
				CF6213FC26C3934200580054 /* Release */,
			);
			defaultConfigurationIsVisible = 0;
			defaultConfigurationName = Release;
		};
/* End XCConfigurationList section */
	};
	rootObject = CF6213E326C3934100580054 /* Project object */;
}
