// !$*UTF8*$!
{
	archiveVersion = 1;
	classes = {
	};
	objectVersion = 51;
	objects = {

/* Begin PBXBuildFile section */
		31B0BD083288C76F7BC78DFB /* Pods_Game_Catalogue.framework in Frameworks */ = {isa = PBXBuildFile; fileRef = 12316A9D2518443FFF5ABFF2 /* Pods_Game_Catalogue.framework */; };
		CF15055A26CFB4B90064809A /* Constant.swift in Sources */ = {isa = PBXBuildFile; fileRef = CF15055926CFB4B90064809A /* Constant.swift */; };
		CF1D4FD3274BB93C00B1E07B /* PublisherListInteractor.swift in Sources */ = {isa = PBXBuildFile; fileRef = CF1D4FD2274BB93C00B1E07B /* PublisherListInteractor.swift */; };
		CF1D4FD9274BBEA300B1E07B /* PublisherDetailInteractor.swift in Sources */ = {isa = PBXBuildFile; fileRef = CF1D4FD8274BBEA300B1E07B /* PublisherDetailInteractor.swift */; };
		CF226B5027563D6300C8FBBC /* Common.framework in Frameworks */ = {isa = PBXBuildFile; fileRef = CF226B4F27563D6300C8FBBC /* Common.framework */; };
		CF226B5127563D6300C8FBBC /* Common.framework in Embed Frameworks */ = {isa = PBXBuildFile; fileRef = CF226B4F27563D6300C8FBBC /* Common.framework */; settings = {ATTRIBUTES = (CodeSignOnCopy, RemoveHeadersOnCopy, ); }; };
		CF2C10AD2750F34F00ADB197 /* Core.framework in Frameworks */ = {isa = PBXBuildFile; fileRef = CF2C10AC2750F34F00ADB197 /* Core.framework */; };
		CF2C10AE2750F34F00ADB197 /* Core.framework in Embed Frameworks */ = {isa = PBXBuildFile; fileRef = CF2C10AC2750F34F00ADB197 /* Core.framework */; settings = {ATTRIBUTES = (CodeSignOnCopy, RemoveHeadersOnCopy, ); }; };
		CF2C10B12750F35300ADB197 /* DesignSystem.framework in Frameworks */ = {isa = PBXBuildFile; fileRef = CF2C10B02750F35300ADB197 /* DesignSystem.framework */; };
		CF2C10B22750F35300ADB197 /* DesignSystem.framework in Embed Frameworks */ = {isa = PBXBuildFile; fileRef = CF2C10B02750F35300ADB197 /* DesignSystem.framework */; settings = {ATTRIBUTES = (CodeSignOnCopy, RemoveHeadersOnCopy, ); }; };
		CF3E795226CB84C80087227E /* SearchBar.swift in Sources */ = {isa = PBXBuildFile; fileRef = CF3E795126CB84C80087227E /* SearchBar.swift */; };
		CF4045C826CE4E1000560D4D /* PublisherDetailScreenViewModel.swift in Sources */ = {isa = PBXBuildFile; fileRef = CF4045C726CE4E1000560D4D /* PublisherDetailScreenViewModel.swift */; };
		CF432A2B26C799BA00A73D96 /* ImageSlider.swift in Sources */ = {isa = PBXBuildFile; fileRef = CF432A2A26C799BA00A73D96 /* ImageSlider.swift */; };
		CF4D587D26D205C8002F6F54 /* HTMLView.swift in Sources */ = {isa = PBXBuildFile; fileRef = CF4D587C26D205C8002F6F54 /* HTMLView.swift */; };
		CF5AB3FF26CE08A40097C09D /* PublisherListScreen.swift in Sources */ = {isa = PBXBuildFile; fileRef = CF5AB3FE26CE08A40097C09D /* PublisherListScreen.swift */; };
		CF5AB40526CE16C30097C09D /* PublisherListScreenViewModel.swift in Sources */ = {isa = PBXBuildFile; fileRef = CF5AB40426CE16C30097C09D /* PublisherListScreenViewModel.swift */; };
		CF5AB40826CE181B0097C09D /* ImageCardWithText.swift in Sources */ = {isa = PBXBuildFile; fileRef = CF5AB40726CE181B0097C09D /* ImageCardWithText.swift */; };
		CF6213EF26C3934100580054 /* Game_CatalogueApp.swift in Sources */ = {isa = PBXBuildFile; fileRef = CF6213EE26C3934100580054 /* Game_CatalogueApp.swift */; };
		CF6213F326C3934200580054 /* Assets.xcassets in Resources */ = {isa = PBXBuildFile; fileRef = CF6213F226C3934200580054 /* Assets.xcassets */; };
		CF6213F626C3934200580054 /* Preview Assets.xcassets in Resources */ = {isa = PBXBuildFile; fileRef = CF6213F526C3934200580054 /* Preview Assets.xcassets */; };
		CF68E7402744B6F1002917F1 /* BaseView.swift in Sources */ = {isa = PBXBuildFile; fileRef = CF68E73F2744B6F1002917F1 /* BaseView.swift */; };
		CF7EA6002757AD44000E2E57 /* Home.framework in Frameworks */ = {isa = PBXBuildFile; fileRef = CF7EA5FF2757AD44000E2E57 /* Home.framework */; };
		CF7EA6012757AD44000E2E57 /* Home.framework in Embed Frameworks */ = {isa = PBXBuildFile; fileRef = CF7EA5FF2757AD44000E2E57 /* Home.framework */; settings = {ATTRIBUTES = (CodeSignOnCopy, RemoveHeadersOnCopy, ); }; };
		CF81947626CFC653002EAD89 /* .swiftlint.yml in Resources */ = {isa = PBXBuildFile; fileRef = CF81947526CFC653002EAD89 /* .swiftlint.yml */; };
		CF976928275A2EBE009EB0FA /* Genre.framework in Frameworks */ = {isa = PBXBuildFile; fileRef = CF976927275A2EBE009EB0FA /* Genre.framework */; };
		CF976929275A2EBE009EB0FA /* Genre.framework in Embed Frameworks */ = {isa = PBXBuildFile; fileRef = CF976927275A2EBE009EB0FA /* Genre.framework */; settings = {ATTRIBUTES = (CodeSignOnCopy, RemoveHeadersOnCopy, ); }; };
		CF97692B275A2EC5009EB0FA /* Publisher.framework in Frameworks */ = {isa = PBXBuildFile; fileRef = CF97692A275A2EC5009EB0FA /* Publisher.framework */; };
		CF97692C275A2EC5009EB0FA /* Publisher.framework in Embed Frameworks */ = {isa = PBXBuildFile; fileRef = CF97692A275A2EC5009EB0FA /* Publisher.framework */; settings = {ATTRIBUTES = (CodeSignOnCopy, RemoveHeadersOnCopy, ); }; };
		CF9AC95B26CE575C004341BD /* PublisherDetailScreen.swift in Sources */ = {isa = PBXBuildFile; fileRef = CF9AC95A26CE575C004341BD /* PublisherDetailScreen.swift */; };
		CF9AC95E26CE5B11004341BD /* LoadingView.swift in Sources */ = {isa = PBXBuildFile; fileRef = CF9AC95D26CE5B11004341BD /* LoadingView.swift */; };
		CFD300BE275A011A00A97944 /* Game.framework in Frameworks */ = {isa = PBXBuildFile; fileRef = CFD300BD275A011A00A97944 /* Game.framework */; };
		CFD300BF275A011A00A97944 /* Game.framework in Embed Frameworks */ = {isa = PBXBuildFile; fileRef = CFD300BD275A011A00A97944 /* Game.framework */; settings = {ATTRIBUTES = (CodeSignOnCopy, RemoveHeadersOnCopy, ); }; };
		CFD34EA126C8F52E001832D8 /* ItemListHorizontal.swift in Sources */ = {isa = PBXBuildFile; fileRef = CFD34EA026C8F52E001832D8 /* ItemListHorizontal.swift */; };
		CFD34EA526C9017D001832D8 /* ItemGrid.swift in Sources */ = {isa = PBXBuildFile; fileRef = CFD34EA426C9017D001832D8 /* ItemGrid.swift */; };
		CFD34EA926C90855001832D8 /* Text.swift in Sources */ = {isa = PBXBuildFile; fileRef = CFD34EA826C90855001832D8 /* Text.swift */; };
		CFD34EB726C93CB2001832D8 /* RoundedCorner.swift in Sources */ = {isa = PBXBuildFile; fileRef = CFD34EB626C93CB2001832D8 /* RoundedCorner.swift */; };
		CFD34EBC26C93D06001832D8 /* View.swift in Sources */ = {isa = PBXBuildFile; fileRef = CFD34EBB26C93D06001832D8 /* View.swift */; };
/* End PBXBuildFile section */

/* Begin PBXCopyFilesBuildPhase section */
		CF2C10AF2750F34F00ADB197 /* Embed Frameworks */ = {
			isa = PBXCopyFilesBuildPhase;
			buildActionMask = 2147483647;
			dstPath = "";
			dstSubfolderSpec = 10;
			files = (
				CFD300BF275A011A00A97944 /* Game.framework in Embed Frameworks */,
				CF226B5127563D6300C8FBBC /* Common.framework in Embed Frameworks */,
				CF2C10AE2750F34F00ADB197 /* Core.framework in Embed Frameworks */,
				CF2C10B22750F35300ADB197 /* DesignSystem.framework in Embed Frameworks */,
				CF97692C275A2EC5009EB0FA /* Publisher.framework in Embed Frameworks */,
				CF976929275A2EBE009EB0FA /* Genre.framework in Embed Frameworks */,
				CF7EA6012757AD44000E2E57 /* Home.framework in Embed Frameworks */,
			);
			name = "Embed Frameworks";
			runOnlyForDeploymentPostprocessing = 0;
		};
/* End PBXCopyFilesBuildPhase section */

/* Begin PBXFileReference section */
		12316A9D2518443FFF5ABFF2 /* Pods_Game_Catalogue.framework */ = {isa = PBXFileReference; explicitFileType = wrapper.framework; includeInIndex = 0; path = Pods_Game_Catalogue.framework; sourceTree = BUILT_PRODUCTS_DIR; };
		3F3FC36BE2D4F44DB715F468 /* Pods-Game Catalogue.debug.xcconfig */ = {isa = PBXFileReference; includeInIndex = 1; lastKnownFileType = text.xcconfig; name = "Pods-Game Catalogue.debug.xcconfig"; path = "Target Support Files/Pods-Game Catalogue/Pods-Game Catalogue.debug.xcconfig"; sourceTree = "<group>"; };
		C2444ACDC4281FD1375B1BDB /* Pods-Game Catalogue.release.xcconfig */ = {isa = PBXFileReference; includeInIndex = 1; lastKnownFileType = text.xcconfig; name = "Pods-Game Catalogue.release.xcconfig"; path = "Target Support Files/Pods-Game Catalogue/Pods-Game Catalogue.release.xcconfig"; sourceTree = "<group>"; };
		CF15055926CFB4B90064809A /* Constant.swift */ = {isa = PBXFileReference; lastKnownFileType = sourcecode.swift; path = Constant.swift; sourceTree = "<group>"; };
		CF1D4FD2274BB93C00B1E07B /* PublisherListInteractor.swift */ = {isa = PBXFileReference; lastKnownFileType = sourcecode.swift; path = PublisherListInteractor.swift; sourceTree = "<group>"; };
		CF1D4FD8274BBEA300B1E07B /* PublisherDetailInteractor.swift */ = {isa = PBXFileReference; lastKnownFileType = sourcecode.swift; path = PublisherDetailInteractor.swift; sourceTree = "<group>"; };
		CF226B4F27563D6300C8FBBC /* Common.framework */ = {isa = PBXFileReference; explicitFileType = wrapper.framework; path = Common.framework; sourceTree = BUILT_PRODUCTS_DIR; };
		CF2C10AC2750F34F00ADB197 /* Core.framework */ = {isa = PBXFileReference; explicitFileType = wrapper.framework; path = Core.framework; sourceTree = BUILT_PRODUCTS_DIR; };
		CF2C10B02750F35300ADB197 /* DesignSystem.framework */ = {isa = PBXFileReference; explicitFileType = wrapper.framework; path = DesignSystem.framework; sourceTree = BUILT_PRODUCTS_DIR; };
		CF3E795126CB84C80087227E /* SearchBar.swift */ = {isa = PBXFileReference; lastKnownFileType = sourcecode.swift; path = SearchBar.swift; sourceTree = "<group>"; };
		CF4045C726CE4E1000560D4D /* PublisherDetailScreenViewModel.swift */ = {isa = PBXFileReference; lastKnownFileType = sourcecode.swift; path = PublisherDetailScreenViewModel.swift; sourceTree = "<group>"; };
		CF432A2A26C799BA00A73D96 /* ImageSlider.swift */ = {isa = PBXFileReference; lastKnownFileType = sourcecode.swift; path = ImageSlider.swift; sourceTree = "<group>"; };
		CF4D587C26D205C8002F6F54 /* HTMLView.swift */ = {isa = PBXFileReference; lastKnownFileType = sourcecode.swift; path = HTMLView.swift; sourceTree = "<group>"; };
		CF5AB3FE26CE08A40097C09D /* PublisherListScreen.swift */ = {isa = PBXFileReference; lastKnownFileType = sourcecode.swift; path = PublisherListScreen.swift; sourceTree = "<group>"; };
		CF5AB40426CE16C30097C09D /* PublisherListScreenViewModel.swift */ = {isa = PBXFileReference; lastKnownFileType = sourcecode.swift; path = PublisherListScreenViewModel.swift; sourceTree = "<group>"; };
		CF5AB40726CE181B0097C09D /* ImageCardWithText.swift */ = {isa = PBXFileReference; lastKnownFileType = sourcecode.swift; path = ImageCardWithText.swift; sourceTree = "<group>"; };
		CF5C8A02274E7C3A00AE681D /* Core.framework */ = {isa = PBXFileReference; explicitFileType = wrapper.framework; path = Core.framework; sourceTree = BUILT_PRODUCTS_DIR; };
		CF6213EB26C3934100580054 /* Game Catalogue.app */ = {isa = PBXFileReference; explicitFileType = wrapper.application; includeInIndex = 0; path = "Game Catalogue.app"; sourceTree = BUILT_PRODUCTS_DIR; };
		CF6213EE26C3934100580054 /* Game_CatalogueApp.swift */ = {isa = PBXFileReference; lastKnownFileType = sourcecode.swift; path = Game_CatalogueApp.swift; sourceTree = "<group>"; };
		CF6213F226C3934200580054 /* Assets.xcassets */ = {isa = PBXFileReference; lastKnownFileType = folder.assetcatalog; path = Assets.xcassets; sourceTree = "<group>"; };
		CF6213F526C3934200580054 /* Preview Assets.xcassets */ = {isa = PBXFileReference; lastKnownFileType = folder.assetcatalog; path = "Preview Assets.xcassets"; sourceTree = "<group>"; };
		CF6213F726C3934200580054 /* Info.plist */ = {isa = PBXFileReference; lastKnownFileType = text.plist.xml; path = Info.plist; sourceTree = "<group>"; };
		CF68E73F2744B6F1002917F1 /* BaseView.swift */ = {isa = PBXFileReference; lastKnownFileType = sourcecode.swift; path = BaseView.swift; sourceTree = "<group>"; };
		CF7EA5FF2757AD44000E2E57 /* Home.framework */ = {isa = PBXFileReference; explicitFileType = wrapper.framework; path = Home.framework; sourceTree = BUILT_PRODUCTS_DIR; };
		CF81947526CFC653002EAD89 /* .swiftlint.yml */ = {isa = PBXFileReference; lastKnownFileType = text.yaml; path = .swiftlint.yml; sourceTree = "<group>"; };
		CF8E61422750E60700CDCFE2 /* Core.framework */ = {isa = PBXFileReference; explicitFileType = wrapper.framework; path = Core.framework; sourceTree = BUILT_PRODUCTS_DIR; };
		CF976927275A2EBE009EB0FA /* Genre.framework */ = {isa = PBXFileReference; explicitFileType = wrapper.framework; path = Genre.framework; sourceTree = BUILT_PRODUCTS_DIR; };
		CF97692A275A2EC5009EB0FA /* Publisher.framework */ = {isa = PBXFileReference; explicitFileType = wrapper.framework; path = Publisher.framework; sourceTree = BUILT_PRODUCTS_DIR; };
		CF9AC95A26CE575C004341BD /* PublisherDetailScreen.swift */ = {isa = PBXFileReference; lastKnownFileType = sourcecode.swift; path = PublisherDetailScreen.swift; sourceTree = "<group>"; };
		CF9AC95D26CE5B11004341BD /* LoadingView.swift */ = {isa = PBXFileReference; lastKnownFileType = sourcecode.swift; path = LoadingView.swift; sourceTree = "<group>"; };
		CFD300BD275A011A00A97944 /* Game.framework */ = {isa = PBXFileReference; explicitFileType = wrapper.framework; path = Game.framework; sourceTree = BUILT_PRODUCTS_DIR; };
		CFD34EA026C8F52E001832D8 /* ItemListHorizontal.swift */ = {isa = PBXFileReference; lastKnownFileType = sourcecode.swift; path = ItemListHorizontal.swift; sourceTree = "<group>"; };
		CFD34EA426C9017D001832D8 /* ItemGrid.swift */ = {isa = PBXFileReference; lastKnownFileType = sourcecode.swift; path = ItemGrid.swift; sourceTree = "<group>"; };
		CFD34EA826C90855001832D8 /* Text.swift */ = {isa = PBXFileReference; lastKnownFileType = sourcecode.swift; path = Text.swift; sourceTree = "<group>"; };
		CFD34EB626C93CB2001832D8 /* RoundedCorner.swift */ = {isa = PBXFileReference; lastKnownFileType = sourcecode.swift; path = RoundedCorner.swift; sourceTree = "<group>"; };
		CFD34EBB26C93D06001832D8 /* View.swift */ = {isa = PBXFileReference; lastKnownFileType = sourcecode.swift; path = View.swift; sourceTree = "<group>"; };
/* End PBXFileReference section */

/* Begin PBXFrameworksBuildPhase section */
		CF6213E826C3934100580054 /* Frameworks */ = {
			isa = PBXFrameworksBuildPhase;
			buildActionMask = 2147483647;
			files = (
				CF2C10B12750F35300ADB197 /* DesignSystem.framework in Frameworks */,
				CF226B5027563D6300C8FBBC /* Common.framework in Frameworks */,
				31B0BD083288C76F7BC78DFB /* Pods_Game_Catalogue.framework in Frameworks */,
				CF976928275A2EBE009EB0FA /* Genre.framework in Frameworks */,
				CF7EA6002757AD44000E2E57 /* Home.framework in Frameworks */,
				CF97692B275A2EC5009EB0FA /* Publisher.framework in Frameworks */,
				CFD300BE275A011A00A97944 /* Game.framework in Frameworks */,
				CF2C10AD2750F34F00ADB197 /* Core.framework in Frameworks */,
			);
			runOnlyForDeploymentPostprocessing = 0;
		};
/* End PBXFrameworksBuildPhase section */

/* Begin PBXGroup section */
		9F9E4ABF0C4EAC14252D1F23 /* Frameworks */ = {
			isa = PBXGroup;
			children = (
				CF97692A275A2EC5009EB0FA /* Publisher.framework */,
				CF976927275A2EBE009EB0FA /* Genre.framework */,
				CFD300BD275A011A00A97944 /* Game.framework */,
				CF7EA5FF2757AD44000E2E57 /* Home.framework */,
				CF226B4F27563D6300C8FBBC /* Common.framework */,
				CF2C10B02750F35300ADB197 /* DesignSystem.framework */,
				CF2C10AC2750F34F00ADB197 /* Core.framework */,
				CF8E61422750E60700CDCFE2 /* Core.framework */,
				CF5C8A02274E7C3A00AE681D /* Core.framework */,
				12316A9D2518443FFF5ABFF2 /* Pods_Game_Catalogue.framework */,
			);
			name = Frameworks;
			sourceTree = "<group>";
		};
		CF15055426CFB3A60064809A /* App */ = {
			isa = PBXGroup;
			children = (
				CF6213EE26C3934100580054 /* Game_CatalogueApp.swift */,
				CF15055926CFB4B90064809A /* Constant.swift */,
			);
			path = App;
			sourceTree = "<group>";
		};
		CF4045C126CE461A00560D4D /* Publisher Detail */ = {
			isa = PBXGroup;
			children = (
				CF4045C726CE4E1000560D4D /* PublisherDetailScreenViewModel.swift */,
				CF9AC95A26CE575C004341BD /* PublisherDetailScreen.swift */,
				CF1D4FD8274BBEA300B1E07B /* PublisherDetailInteractor.swift */,
			);
			path = "Publisher Detail";
			sourceTree = "<group>";
		};
		CF432A2626C78D5600A73D96 /* Components */ = {
			isa = PBXGroup;
			children = (
				CF68E73D2744B539002917F1 /* Atom */,
				CF68E73E2744B540002917F1 /* Molecule */,
			);
			path = Components;
			sourceTree = "<group>";
		};
		CF54A3B726C6513600F89E4F /* Screen */ = {
			isa = PBXGroup;
			children = (
				CF4045C126CE461A00560D4D /* Publisher Detail */,
				CF5AB3FD26CE08470097C09D /* Publisher List */,
			);
			path = Screen;
			sourceTree = "<group>";
		};
		CF5AB3FD26CE08470097C09D /* Publisher List */ = {
			isa = PBXGroup;
			children = (
				CF5AB3FE26CE08A40097C09D /* PublisherListScreen.swift */,
				CF5AB40426CE16C30097C09D /* PublisherListScreenViewModel.swift */,
				CF1D4FD2274BB93C00B1E07B /* PublisherListInteractor.swift */,
			);
			path = "Publisher List";
			sourceTree = "<group>";
		};
		CF6213E226C3934100580054 = {
			isa = PBXGroup;
			children = (
				CF6213ED26C3934100580054 /* Game Catalogue */,
				CF6213EC26C3934100580054 /* Products */,
				FC607325D685CF6188089A6B /* Pods */,
				9F9E4ABF0C4EAC14252D1F23 /* Frameworks */,
			);
			sourceTree = "<group>";
		};
		CF6213EC26C3934100580054 /* Products */ = {
			isa = PBXGroup;
			children = (
				CF6213EB26C3934100580054 /* Game Catalogue.app */,
			);
			name = Products;
			sourceTree = "<group>";
		};
		CF6213ED26C3934100580054 /* Game Catalogue */ = {
			isa = PBXGroup;
			children = (
				CF15055426CFB3A60064809A /* App */,
				CFD34EBA26C93CEC001832D8 /* Extension */,
				CF54A3B726C6513600F89E4F /* Screen */,
				CF68E73C2744B49E002917F1 /* UI */,
				CF6213F226C3934200580054 /* Assets.xcassets */,
				CF6213F726C3934200580054 /* Info.plist */,
				CF81947526CFC653002EAD89 /* .swiftlint.yml */,
				CF6213F426C3934200580054 /* Preview Content */,
			);
			path = "Game Catalogue";
			sourceTree = "<group>";
		};
		CF6213F426C3934200580054 /* Preview Content */ = {
			isa = PBXGroup;
			children = (
				CF6213F526C3934200580054 /* Preview Assets.xcassets */,
			);
			path = "Preview Content";
			sourceTree = "<group>";
		};
		CF68E73C2744B49E002917F1 /* UI */ = {
			isa = PBXGroup;
			children = (
				CF432A2626C78D5600A73D96 /* Components */,
				CFD34EB526C93CA5001832D8 /* Shape */,
				CF68E73F2744B6F1002917F1 /* BaseView.swift */,
			);
			path = UI;
			sourceTree = "<group>";
		};
		CF68E73D2744B539002917F1 /* Atom */ = {
			isa = PBXGroup;
			children = (
				CF4D587C26D205C8002F6F54 /* HTMLView.swift */,
			);
			path = Atom;
			sourceTree = "<group>";
		};
		CF68E73E2744B540002917F1 /* Molecule */ = {
			isa = PBXGroup;
			children = (
				CFD34EA426C9017D001832D8 /* ItemGrid.swift */,
				CF3E795126CB84C80087227E /* SearchBar.swift */,
				CFD34EA026C8F52E001832D8 /* ItemListHorizontal.swift */,
				CF5AB40726CE181B0097C09D /* ImageCardWithText.swift */,
				CF9AC95D26CE5B11004341BD /* LoadingView.swift */,
				CF432A2A26C799BA00A73D96 /* ImageSlider.swift */,
			);
			path = Molecule;
			sourceTree = "<group>";
		};
		CFD34EB526C93CA5001832D8 /* Shape */ = {
			isa = PBXGroup;
			children = (
				CFD34EB626C93CB2001832D8 /* RoundedCorner.swift */,
			);
			path = Shape;
			sourceTree = "<group>";
		};
		CFD34EBA26C93CEC001832D8 /* Extension */ = {
			isa = PBXGroup;
			children = (
				CFD34EA826C90855001832D8 /* Text.swift */,
				CFD34EBB26C93D06001832D8 /* View.swift */,
			);
			path = Extension;
			sourceTree = "<group>";
		};
		FC607325D685CF6188089A6B /* Pods */ = {
			isa = PBXGroup;
			children = (
				3F3FC36BE2D4F44DB715F468 /* Pods-Game Catalogue.debug.xcconfig */,
				C2444ACDC4281FD1375B1BDB /* Pods-Game Catalogue.release.xcconfig */,
			);
			path = Pods;
			sourceTree = "<group>";
		};
/* End PBXGroup section */

/* Begin PBXNativeTarget section */
		CF6213EA26C3934100580054 /* Game Catalogue */ = {
			isa = PBXNativeTarget;
			buildConfigurationList = CF6213FA26C3934200580054 /* Build configuration list for PBXNativeTarget "Game Catalogue" */;
			buildPhases = (
				99962E54CE7EF3E5F28D4255 /* [CP] Check Pods Manifest.lock */,
				CF6213E726C3934100580054 /* Sources */,
				CF6213E826C3934100580054 /* Frameworks */,
				CF6213E926C3934100580054 /* Resources */,
				CF62140226C393BA00580054 /* ShellScript */,
				40C65CF5720FBC848ADE64DC /* [CP] Embed Pods Frameworks */,
				CF2C10AF2750F34F00ADB197 /* Embed Frameworks */,
			);
			buildRules = (
			);
			dependencies = (
			);
			name = "Game Catalogue";
			productName = "Game Catalogue";
			productReference = CF6213EB26C3934100580054 /* Game Catalogue.app */;
			productType = "com.apple.product-type.application";
		};
/* End PBXNativeTarget section */

/* Begin PBXProject section */
		CF6213E326C3934100580054 /* Project object */ = {
			isa = PBXProject;
			attributes = {
				LastSwiftUpdateCheck = 1240;
				LastUpgradeCheck = 1240;
				TargetAttributes = {
					CF6213EA26C3934100580054 = {
						CreatedOnToolsVersion = 12.4;
					};
				};
			};
			buildConfigurationList = CF6213E626C3934100580054 /* Build configuration list for PBXProject "Game Catalogue" */;
			compatibilityVersion = "Xcode 9.3";
			developmentRegion = en;
			hasScannedForEncodings = 0;
			knownRegions = (
				en,
				Base,
			);
			mainGroup = CF6213E226C3934100580054;
			productRefGroup = CF6213EC26C3934100580054 /* Products */;
			projectDirPath = "";
			projectRoot = "";
			targets = (
				CF6213EA26C3934100580054 /* Game Catalogue */,
			);
		};
/* End PBXProject section */

/* Begin PBXResourcesBuildPhase section */
		CF6213E926C3934100580054 /* Resources */ = {
			isa = PBXResourcesBuildPhase;
			buildActionMask = 2147483647;
			files = (
				CF81947626CFC653002EAD89 /* .swiftlint.yml in Resources */,
				CF6213F626C3934200580054 /* Preview Assets.xcassets in Resources */,
				CF6213F326C3934200580054 /* Assets.xcassets in Resources */,
			);
			runOnlyForDeploymentPostprocessing = 0;
		};
/* End PBXResourcesBuildPhase section */

/* Begin PBXShellScriptBuildPhase section */
		40C65CF5720FBC848ADE64DC /* [CP] Embed Pods Frameworks */ = {
			isa = PBXShellScriptBuildPhase;
			buildActionMask = 2147483647;
			files = (
			);
			inputFileListPaths = (
				"${PODS_ROOT}/Target Support Files/Pods-Game Catalogue/Pods-Game Catalogue-frameworks-${CONFIGURATION}-input-files.xcfilelist",
			);
			name = "[CP] Embed Pods Frameworks";
			outputFileListPaths = (
				"${PODS_ROOT}/Target Support Files/Pods-Game Catalogue/Pods-Game Catalogue-frameworks-${CONFIGURATION}-output-files.xcfilelist",
			);
			runOnlyForDeploymentPostprocessing = 0;
			shellPath = /bin/sh;
			shellScript = "\"${PODS_ROOT}/Target Support Files/Pods-Game Catalogue/Pods-Game Catalogue-frameworks.sh\"\n";
			showEnvVarsInLog = 0;
		};
		99962E54CE7EF3E5F28D4255 /* [CP] Check Pods Manifest.lock */ = {
			isa = PBXShellScriptBuildPhase;
			buildActionMask = 2147483647;
			files = (
			);
			inputFileListPaths = (
			);
			inputPaths = (
				"${PODS_PODFILE_DIR_PATH}/Podfile.lock",
				"${PODS_ROOT}/Manifest.lock",
			);
			name = "[CP] Check Pods Manifest.lock";
			outputFileListPaths = (
			);
			outputPaths = (
				"$(DERIVED_FILE_DIR)/Pods-Game Catalogue-checkManifestLockResult.txt",
			);
			runOnlyForDeploymentPostprocessing = 0;
			shellPath = /bin/sh;
			shellScript = "diff \"${PODS_PODFILE_DIR_PATH}/Podfile.lock\" \"${PODS_ROOT}/Manifest.lock\" > /dev/null\nif [ $? != 0 ] ; then\n    # print error to STDERR\n    echo \"error: The sandbox is not in sync with the Podfile.lock. Run 'pod install' or update your CocoaPods installation.\" >&2\n    exit 1\nfi\n# This output is used by Xcode 'outputs' to avoid re-running this script phase.\necho \"SUCCESS\" > \"${SCRIPT_OUTPUT_FILE_0}\"\n";
			showEnvVarsInLog = 0;
		};
		CF62140226C393BA00580054 /* ShellScript */ = {
			isa = PBXShellScriptBuildPhase;
			buildActionMask = 2147483647;
			files = (
			);
			inputFileListPaths = (
			);
			inputPaths = (
			);
			outputFileListPaths = (
			);
			outputPaths = (
			);
			runOnlyForDeploymentPostprocessing = 0;
			shellPath = /bin/sh;
			shellScript = "if which swiftlint >/dev/null; then\n  swiftlint\nelse\n  echo \"warning: SwiftLint not installed, download from https://github.com/realm/SwiftLint\"\nfi\n";
		};
/* End PBXShellScriptBuildPhase section */

/* Begin PBXSourcesBuildPhase section */
		CF6213E726C3934100580054 /* Sources */ = {
			isa = PBXSourcesBuildPhase;
			buildActionMask = 2147483647;
			files = (
				CFD34EBC26C93D06001832D8 /* View.swift in Sources */,
				CF5AB40526CE16C30097C09D /* PublisherListScreenViewModel.swift in Sources */,
				CF5AB40826CE181B0097C09D /* ImageCardWithText.swift in Sources */,
				CF5AB3FF26CE08A40097C09D /* PublisherListScreen.swift in Sources */,
				CFD34EB726C93CB2001832D8 /* RoundedCorner.swift in Sources */,
				CF432A2B26C799BA00A73D96 /* ImageSlider.swift in Sources */,
				CFD34EA526C9017D001832D8 /* ItemGrid.swift in Sources */,
				CF6213EF26C3934100580054 /* Game_CatalogueApp.swift in Sources */,
				CF4045C826CE4E1000560D4D /* PublisherDetailScreenViewModel.swift in Sources */,
				CF1D4FD9274BBEA300B1E07B /* PublisherDetailInteractor.swift in Sources */,
				CF15055A26CFB4B90064809A /* Constant.swift in Sources */,
				CFD34EA926C90855001832D8 /* Text.swift in Sources */,
				CF1D4FD3274BB93C00B1E07B /* PublisherListInteractor.swift in Sources */,
				CF3E795226CB84C80087227E /* SearchBar.swift in Sources */,
				CF68E7402744B6F1002917F1 /* BaseView.swift in Sources */,
				CFD34EA126C8F52E001832D8 /* ItemListHorizontal.swift in Sources */,
				CF9AC95B26CE575C004341BD /* PublisherDetailScreen.swift in Sources */,
				CF9AC95E26CE5B11004341BD /* LoadingView.swift in Sources */,
				CF4D587D26D205C8002F6F54 /* HTMLView.swift in Sources */,
			);
			runOnlyForDeploymentPostprocessing = 0;
		};
/* End PBXSourcesBuildPhase section */

/* Begin XCBuildConfiguration section */
		CF6213F826C3934200580054 /* Debug */ = {
			isa = XCBuildConfiguration;
			buildSettings = {
				ALWAYS_SEARCH_USER_PATHS = NO;
				CLANG_ANALYZER_NONNULL = YES;
				CLANG_ANALYZER_NUMBER_OBJECT_CONVERSION = YES_AGGRESSIVE;
				CLANG_CXX_LANGUAGE_STANDARD = "gnu++14";
				CLANG_CXX_LIBRARY = "libc++";
				CLANG_ENABLE_MODULES = YES;
				CLANG_ENABLE_OBJC_ARC = YES;
				CLANG_ENABLE_OBJC_WEAK = YES;
				CLANG_WARN_BLOCK_CAPTURE_AUTORELEASING = YES;
				CLANG_WARN_BOOL_CONVERSION = YES;
				CLANG_WARN_COMMA = YES;
				CLANG_WARN_CONSTANT_CONVERSION = YES;
				CLANG_WARN_DEPRECATED_OBJC_IMPLEMENTATIONS = YES;
				CLANG_WARN_DIRECT_OBJC_ISA_USAGE = YES_ERROR;
				CLANG_WARN_DOCUMENTATION_COMMENTS = YES;
				CLANG_WARN_EMPTY_BODY = YES;
				CLANG_WARN_ENUM_CONVERSION = YES;
				CLANG_WARN_INFINITE_RECURSION = YES;
				CLANG_WARN_INT_CONVERSION = YES;
				CLANG_WARN_NON_LITERAL_NULL_CONVERSION = YES;
				CLANG_WARN_OBJC_IMPLICIT_RETAIN_SELF = YES;
				CLANG_WARN_OBJC_LITERAL_CONVERSION = YES;
				CLANG_WARN_OBJC_ROOT_CLASS = YES_ERROR;
				CLANG_WARN_QUOTED_INCLUDE_IN_FRAMEWORK_HEADER = YES;
				CLANG_WARN_RANGE_LOOP_ANALYSIS = YES;
				CLANG_WARN_STRICT_PROTOTYPES = YES;
				CLANG_WARN_SUSPICIOUS_MOVE = YES;
				CLANG_WARN_UNGUARDED_AVAILABILITY = YES_AGGRESSIVE;
				CLANG_WARN_UNREACHABLE_CODE = YES;
				CLANG_WARN__DUPLICATE_METHOD_MATCH = YES;
				COPY_PHASE_STRIP = NO;
				DEBUG_INFORMATION_FORMAT = dwarf;
				ENABLE_STRICT_OBJC_MSGSEND = YES;
				ENABLE_TESTABILITY = YES;
				GCC_C_LANGUAGE_STANDARD = gnu11;
				GCC_DYNAMIC_NO_PIC = NO;
				GCC_NO_COMMON_BLOCKS = YES;
				GCC_OPTIMIZATION_LEVEL = 0;
				GCC_PREPROCESSOR_DEFINITIONS = (
					"DEBUG=1",
					"$(inherited)",
				);
				GCC_WARN_64_TO_32_BIT_CONVERSION = YES;
				GCC_WARN_ABOUT_RETURN_TYPE = YES_ERROR;
				GCC_WARN_UNDECLARED_SELECTOR = YES;
				GCC_WARN_UNINITIALIZED_AUTOS = YES_AGGRESSIVE;
				GCC_WARN_UNUSED_FUNCTION = YES;
				GCC_WARN_UNUSED_VARIABLE = YES;
				IPHONEOS_DEPLOYMENT_TARGET = 14.4;
				MTL_ENABLE_DEBUG_INFO = INCLUDE_SOURCE;
				MTL_FAST_MATH = YES;
				ONLY_ACTIVE_ARCH = YES;
				SDKROOT = iphoneos;
				SWIFT_ACTIVE_COMPILATION_CONDITIONS = DEBUG;
				SWIFT_OPTIMIZATION_LEVEL = "-Onone";
			};
			name = Debug;
		};
		CF6213F926C3934200580054 /* Release */ = {
			isa = XCBuildConfiguration;
			buildSettings = {
				ALWAYS_SEARCH_USER_PATHS = NO;
				CLANG_ANALYZER_NONNULL = YES;
				CLANG_ANALYZER_NUMBER_OBJECT_CONVERSION = YES_AGGRESSIVE;
				CLANG_CXX_LANGUAGE_STANDARD = "gnu++14";
				CLANG_CXX_LIBRARY = "libc++";
				CLANG_ENABLE_MODULES = YES;
				CLANG_ENABLE_OBJC_ARC = YES;
				CLANG_ENABLE_OBJC_WEAK = YES;
				CLANG_WARN_BLOCK_CAPTURE_AUTORELEASING = YES;
				CLANG_WARN_BOOL_CONVERSION = YES;
				CLANG_WARN_COMMA = YES;
				CLANG_WARN_CONSTANT_CONVERSION = YES;
				CLANG_WARN_DEPRECATED_OBJC_IMPLEMENTATIONS = YES;
				CLANG_WARN_DIRECT_OBJC_ISA_USAGE = YES_ERROR;
				CLANG_WARN_DOCUMENTATION_COMMENTS = YES;
				CLANG_WARN_EMPTY_BODY = YES;
				CLANG_WARN_ENUM_CONVERSION = YES;
				CLANG_WARN_INFINITE_RECURSION = YES;
				CLANG_WARN_INT_CONVERSION = YES;
				CLANG_WARN_NON_LITERAL_NULL_CONVERSION = YES;
				CLANG_WARN_OBJC_IMPLICIT_RETAIN_SELF = YES;
				CLANG_WARN_OBJC_LITERAL_CONVERSION = YES;
				CLANG_WARN_OBJC_ROOT_CLASS = YES_ERROR;
				CLANG_WARN_QUOTED_INCLUDE_IN_FRAMEWORK_HEADER = YES;
				CLANG_WARN_RANGE_LOOP_ANALYSIS = YES;
				CLANG_WARN_STRICT_PROTOTYPES = YES;
				CLANG_WARN_SUSPICIOUS_MOVE = YES;
				CLANG_WARN_UNGUARDED_AVAILABILITY = YES_AGGRESSIVE;
				CLANG_WARN_UNREACHABLE_CODE = YES;
				CLANG_WARN__DUPLICATE_METHOD_MATCH = YES;
				COPY_PHASE_STRIP = NO;
				DEBUG_INFORMATION_FORMAT = "dwarf-with-dsym";
				ENABLE_NS_ASSERTIONS = NO;
				ENABLE_STRICT_OBJC_MSGSEND = YES;
				GCC_C_LANGUAGE_STANDARD = gnu11;
				GCC_NO_COMMON_BLOCKS = YES;
				GCC_WARN_64_TO_32_BIT_CONVERSION = YES;
				GCC_WARN_ABOUT_RETURN_TYPE = YES_ERROR;
				GCC_WARN_UNDECLARED_SELECTOR = YES;
				GCC_WARN_UNINITIALIZED_AUTOS = YES_AGGRESSIVE;
				GCC_WARN_UNUSED_FUNCTION = YES;
				GCC_WARN_UNUSED_VARIABLE = YES;
				IPHONEOS_DEPLOYMENT_TARGET = 14.4;
				MTL_ENABLE_DEBUG_INFO = NO;
				MTL_FAST_MATH = YES;
				SDKROOT = iphoneos;
				SWIFT_COMPILATION_MODE = wholemodule;
				SWIFT_OPTIMIZATION_LEVEL = "-O";
				VALIDATE_PRODUCT = YES;
			};
			name = Release;
		};
		CF6213FB26C3934200580054 /* Debug */ = {
			isa = XCBuildConfiguration;
			baseConfigurationReference = 3F3FC36BE2D4F44DB715F468 /* Pods-Game Catalogue.debug.xcconfig */;
			buildSettings = {
				ASSETCATALOG_COMPILER_APPICON_NAME = AppIcon;
				ASSETCATALOG_COMPILER_GLOBAL_ACCENT_COLOR_NAME = AccentColor;
				CODE_SIGN_STYLE = Automatic;
				DEVELOPMENT_ASSET_PATHS = "\"Game Catalogue/Preview Content\"";
				DEVELOPMENT_TEAM = RLQU784C73;
				ENABLE_PREVIEWS = YES;
				INFOPLIST_FILE = "Game Catalogue/Info.plist";
				IPHONEOS_DEPLOYMENT_TARGET = 14.5;
				LD_RUNPATH_SEARCH_PATHS = (
					"$(inherited)",
					"@executable_path/Frameworks",
				);
				PRODUCT_BUNDLE_IDENTIFIER = "dev.rudiyanto.Game-Catalogue";
				PRODUCT_NAME = "$(TARGET_NAME)";
				SWIFT_VERSION = 5.0;
				TARGETED_DEVICE_FAMILY = 1;
			};
			name = Debug;
		};
		CF6213FC26C3934200580054 /* Release */ = {
			isa = XCBuildConfiguration;
			baseConfigurationReference = C2444ACDC4281FD1375B1BDB /* Pods-Game Catalogue.release.xcconfig */;
			buildSettings = {
				ASSETCATALOG_COMPILER_APPICON_NAME = AppIcon;
				ASSETCATALOG_COMPILER_GLOBAL_ACCENT_COLOR_NAME = AccentColor;
				CODE_SIGN_STYLE = Automatic;
				DEVELOPMENT_ASSET_PATHS = "\"Game Catalogue/Preview Content\"";
				DEVELOPMENT_TEAM = RLQU784C73;
				ENABLE_PREVIEWS = YES;
				INFOPLIST_FILE = "Game Catalogue/Info.plist";
				IPHONEOS_DEPLOYMENT_TARGET = 14.5;
				LD_RUNPATH_SEARCH_PATHS = (
					"$(inherited)",
					"@executable_path/Frameworks",
				);
				PRODUCT_BUNDLE_IDENTIFIER = "dev.rudiyanto.Game-Catalogue";
				PRODUCT_NAME = "$(TARGET_NAME)";
				SWIFT_VERSION = 5.0;
				TARGETED_DEVICE_FAMILY = 1;
			};
			name = Release;
		};
/* End XCBuildConfiguration section */

/* Begin XCConfigurationList section */
		CF6213E626C3934100580054 /* Build configuration list for PBXProject "Game Catalogue" */ = {
			isa = XCConfigurationList;
			buildConfigurations = (
				CF6213F826C3934200580054 /* Debug */,
				CF6213F926C3934200580054 /* Release */,
			);
			defaultConfigurationIsVisible = 0;
			defaultConfigurationName = Release;
		};
		CF6213FA26C3934200580054 /* Build configuration list for PBXNativeTarget "Game Catalogue" */ = {
			isa = XCConfigurationList;
			buildConfigurations = (
				CF6213FB26C3934200580054 /* Debug */,
				CF6213FC26C3934200580054 /* Release */,
			);
			defaultConfigurationIsVisible = 0;
			defaultConfigurationName = Release;
		};
/* End XCConfigurationList section */
	};
	rootObject = CF6213E326C3934100580054 /* Project object */;
}
