// !$*UTF8*$!
{
	archiveVersion = 1;
	classes = {
	};
	objectVersion = 50;
	objects = {

/* Begin PBXBuildFile section */
		99B12EC939578BFE4CF9F2BE /* Pods_Genre.framework in Frameworks */ = {isa = PBXBuildFile; fileRef = E7CC215325804C1D5F038FF6 /* Pods_Genre.framework */; };
		CF2C11332750F62E00ADB197 /* Genre.framework in Frameworks */ = {isa = PBXBuildFile; fileRef = CF2C11292750F62E00ADB197 /* Genre.framework */; };
		CF2C113A2750F62E00ADB197 /* Genre.h in Headers */ = {isa = PBXBuildFile; fileRef = CF2C112C2750F62E00ADB197 /* Genre.h */; settings = {ATTRIBUTES = (Public, ); }; };
		CF976910275A2C44009EB0FA /* GenreModule.swift in Sources */ = {isa = PBXBuildFile; fileRef = CF97690F275A2C44009EB0FA /* GenreModule.swift */; };
		CF976912275A2C4D009EB0FA /* Common.framework in Frameworks */ = {isa = PBXBuildFile; fileRef = CF976911275A2C4D009EB0FA /* Common.framework */; };
		CF976913275A2C4D009EB0FA /* Common.framework in Embed Frameworks */ = {isa = PBXBuildFile; fileRef = CF976911275A2C4D009EB0FA /* Common.framework */; settings = {ATTRIBUTES = (CodeSignOnCopy, RemoveHeadersOnCopy, ); }; };
		CF976916275A2C52009EB0FA /* Core.framework in Frameworks */ = {isa = PBXBuildFile; fileRef = CF976915275A2C52009EB0FA /* Core.framework */; };
		CF976917275A2C52009EB0FA /* Core.framework in Embed Frameworks */ = {isa = PBXBuildFile; fileRef = CF976915275A2C52009EB0FA /* Core.framework */; settings = {ATTRIBUTES = (CodeSignOnCopy, RemoveHeadersOnCopy, ); }; };
		CF97691B275A2CC6009EB0FA /* GenreListInteractor.swift in Sources */ = {isa = PBXBuildFile; fileRef = CF97691A275A2CC6009EB0FA /* GenreListInteractor.swift */; };
		CF97691D275A2CE7009EB0FA /* GenreListScreenViewModel.swift in Sources */ = {isa = PBXBuildFile; fileRef = CF97691C275A2CE7009EB0FA /* GenreListScreenViewModel.swift */; };
		CF97691F275A2D06009EB0FA /* GenreListScreen.swift in Sources */ = {isa = PBXBuildFile; fileRef = CF97691E275A2D06009EB0FA /* GenreListScreen.swift */; };
		CF976922275A2D3E009EB0FA /* GenreDetailInteractor.swift in Sources */ = {isa = PBXBuildFile; fileRef = CF976921275A2D3E009EB0FA /* GenreDetailInteractor.swift */; };
		CF976924275A2D89009EB0FA /* GenreDetailScreenViewModel.swift in Sources */ = {isa = PBXBuildFile; fileRef = CF976923275A2D89009EB0FA /* GenreDetailScreenViewModel.swift */; };
		CF976926275A2DA9009EB0FA /* GenreDetailScreen.swift in Sources */ = {isa = PBXBuildFile; fileRef = CF976925275A2DA9009EB0FA /* GenreDetailScreen.swift */; };
		CF97692E275A3065009EB0FA /* DesignSystem.framework in Frameworks */ = {isa = PBXBuildFile; fileRef = CF97692D275A3065009EB0FA /* DesignSystem.framework */; };
		CF97692F275A3065009EB0FA /* DesignSystem.framework in Embed Frameworks */ = {isa = PBXBuildFile; fileRef = CF97692D275A3065009EB0FA /* DesignSystem.framework */; settings = {ATTRIBUTES = (CodeSignOnCopy, RemoveHeadersOnCopy, ); }; };
/* End PBXBuildFile section */

/* Begin PBXContainerItemProxy section */
		CF2C11342750F62E00ADB197 /* PBXContainerItemProxy */ = {
			isa = PBXContainerItemProxy;
			containerPortal = CF2C11202750F62E00ADB197 /* Project object */;
			proxyType = 1;
			remoteGlobalIDString = CF2C11282750F62E00ADB197;
			remoteInfo = Genre;
		};
/* End PBXContainerItemProxy section */

/* Begin PBXCopyFilesBuildPhase section */
		CF976914275A2C4D009EB0FA /* Embed Frameworks */ = {
			isa = PBXCopyFilesBuildPhase;
			buildActionMask = 2147483647;
			dstPath = "";
			dstSubfolderSpec = 10;
			files = (
				CF97692F275A3065009EB0FA /* DesignSystem.framework in Embed Frameworks */,
				CF976913275A2C4D009EB0FA /* Common.framework in Embed Frameworks */,
				CF976917275A2C52009EB0FA /* Core.framework in Embed Frameworks */,
			);
			name = "Embed Frameworks";
			runOnlyForDeploymentPostprocessing = 0;
		};
/* End PBXCopyFilesBuildPhase section */

/* Begin PBXFileReference section */
		8675886D87440F434A39C783 /* Pods-Genre.release.xcconfig */ = {isa = PBXFileReference; includeInIndex = 1; lastKnownFileType = text.xcconfig; name = "Pods-Genre.release.xcconfig"; path = "Target Support Files/Pods-Genre/Pods-Genre.release.xcconfig"; sourceTree = "<group>"; };
		CF2C11292750F62E00ADB197 /* Genre.framework */ = {isa = PBXFileReference; explicitFileType = wrapper.framework; includeInIndex = 0; path = Genre.framework; sourceTree = BUILT_PRODUCTS_DIR; };
		CF2C112C2750F62E00ADB197 /* Genre.h */ = {isa = PBXFileReference; lastKnownFileType = sourcecode.c.h; path = Genre.h; sourceTree = "<group>"; };
		CF2C112D2750F62E00ADB197 /* Info.plist */ = {isa = PBXFileReference; lastKnownFileType = text.plist.xml; path = Info.plist; sourceTree = "<group>"; };
		CF2C11322750F62E00ADB197 /* GenreTests.xctest */ = {isa = PBXFileReference; explicitFileType = wrapper.cfbundle; includeInIndex = 0; path = GenreTests.xctest; sourceTree = BUILT_PRODUCTS_DIR; };
		CF2C11392750F62E00ADB197 /* Info.plist */ = {isa = PBXFileReference; lastKnownFileType = text.plist.xml; path = Info.plist; sourceTree = "<group>"; };
		CF97690F275A2C44009EB0FA /* GenreModule.swift */ = {isa = PBXFileReference; lastKnownFileType = sourcecode.swift; path = GenreModule.swift; sourceTree = "<group>"; };
		CF976911275A2C4D009EB0FA /* Common.framework */ = {isa = PBXFileReference; explicitFileType = wrapper.framework; path = Common.framework; sourceTree = BUILT_PRODUCTS_DIR; };
		CF976915275A2C52009EB0FA /* Core.framework */ = {isa = PBXFileReference; explicitFileType = wrapper.framework; path = Core.framework; sourceTree = BUILT_PRODUCTS_DIR; };
		CF97691A275A2CC6009EB0FA /* GenreListInteractor.swift */ = {isa = PBXFileReference; lastKnownFileType = sourcecode.swift; path = GenreListInteractor.swift; sourceTree = "<group>"; };
		CF97691C275A2CE7009EB0FA /* GenreListScreenViewModel.swift */ = {isa = PBXFileReference; lastKnownFileType = sourcecode.swift; path = GenreListScreenViewModel.swift; sourceTree = "<group>"; };
		CF97691E275A2D06009EB0FA /* GenreListScreen.swift */ = {isa = PBXFileReference; lastKnownFileType = sourcecode.swift; path = GenreListScreen.swift; sourceTree = "<group>"; };
		CF976921275A2D3E009EB0FA /* GenreDetailInteractor.swift */ = {isa = PBXFileReference; lastKnownFileType = sourcecode.swift; path = GenreDetailInteractor.swift; sourceTree = "<group>"; };
		CF976923275A2D89009EB0FA /* GenreDetailScreenViewModel.swift */ = {isa = PBXFileReference; lastKnownFileType = sourcecode.swift; path = GenreDetailScreenViewModel.swift; sourceTree = "<group>"; };
		CF976925275A2DA9009EB0FA /* GenreDetailScreen.swift */ = {isa = PBXFileReference; lastKnownFileType = sourcecode.swift; path = GenreDetailScreen.swift; sourceTree = "<group>"; };
		CF97692D275A3065009EB0FA /* DesignSystem.framework */ = {isa = PBXFileReference; explicitFileType = wrapper.framework; path = DesignSystem.framework; sourceTree = BUILT_PRODUCTS_DIR; };
		E7CC215325804C1D5F038FF6 /* Pods_Genre.framework */ = {isa = PBXFileReference; explicitFileType = wrapper.framework; includeInIndex = 0; path = Pods_Genre.framework; sourceTree = BUILT_PRODUCTS_DIR; };
		FF673D01D8CE618EE3584C97 /* Pods-Genre.debug.xcconfig */ = {isa = PBXFileReference; includeInIndex = 1; lastKnownFileType = text.xcconfig; name = "Pods-Genre.debug.xcconfig"; path = "Target Support Files/Pods-Genre/Pods-Genre.debug.xcconfig"; sourceTree = "<group>"; };
/* End PBXFileReference section */

/* Begin PBXFrameworksBuildPhase section */
		CF2C11262750F62E00ADB197 /* Frameworks */ = {
			isa = PBXFrameworksBuildPhase;
			buildActionMask = 2147483647;
			files = (
				99B12EC939578BFE4CF9F2BE /* Pods_Genre.framework in Frameworks */,
				CF97692E275A3065009EB0FA /* DesignSystem.framework in Frameworks */,
				CF976916275A2C52009EB0FA /* Core.framework in Frameworks */,
				CF976912275A2C4D009EB0FA /* Common.framework in Frameworks */,
			);
			runOnlyForDeploymentPostprocessing = 0;
		};
		CF2C112F2750F62E00ADB197 /* Frameworks */ = {
			isa = PBXFrameworksBuildPhase;
			buildActionMask = 2147483647;
			files = (
				CF2C11332750F62E00ADB197 /* Genre.framework in Frameworks */,
			);
			runOnlyForDeploymentPostprocessing = 0;
		};
/* End PBXFrameworksBuildPhase section */

/* Begin PBXGroup section */
		65EACAAA775A7DA4B9AFD6DA /* Frameworks */ = {
			isa = PBXGroup;
			children = (
				CF97692D275A3065009EB0FA /* DesignSystem.framework */,
				CF976915275A2C52009EB0FA /* Core.framework */,
				CF976911275A2C4D009EB0FA /* Common.framework */,
				E7CC215325804C1D5F038FF6 /* Pods_Genre.framework */,
			);
			name = Frameworks;
			sourceTree = "<group>";
		};
		CF2C111F2750F62E00ADB197 = {
			isa = PBXGroup;
			children = (
				CF2C112B2750F62E00ADB197 /* Genre */,
				CF2C11362750F62E00ADB197 /* GenreTests */,
				CF2C112A2750F62E00ADB197 /* Products */,
				ED9A2FA1A13236724B6ED5AB /* Pods */,
				65EACAAA775A7DA4B9AFD6DA /* Frameworks */,
			);
			sourceTree = "<group>";
		};
		CF2C112A2750F62E00ADB197 /* Products */ = {
			isa = PBXGroup;
			children = (
				CF2C11292750F62E00ADB197 /* Genre.framework */,
				CF2C11322750F62E00ADB197 /* GenreTests.xctest */,
			);
			name = Products;
			sourceTree = "<group>";
		};
		CF2C112B2750F62E00ADB197 /* Genre */ = {
			isa = PBXGroup;
			children = (
				CF976918275A2C9D009EB0FA /* Screen */,
				CF2C112C2750F62E00ADB197 /* Genre.h */,
				CF2C112D2750F62E00ADB197 /* Info.plist */,
				CF97690F275A2C44009EB0FA /* GenreModule.swift */,
			);
			path = Genre;
			sourceTree = "<group>";
		};
		CF2C11362750F62E00ADB197 /* GenreTests */ = {
			isa = PBXGroup;
			children = (
				CF2C11392750F62E00ADB197 /* Info.plist */,
			);
			path = GenreTests;
			sourceTree = "<group>";
		};
		CF976918275A2C9D009EB0FA /* Screen */ = {
			isa = PBXGroup;
			children = (
				CF976920275A2D22009EB0FA /* Genre Detail */,
				CF976919275A2CBA009EB0FA /* Genre List */,
			);
			path = Screen;
			sourceTree = "<group>";
		};
		CF976919275A2CBA009EB0FA /* Genre List */ = {
			isa = PBXGroup;
			children = (
				CF97691A275A2CC6009EB0FA /* GenreListInteractor.swift */,
				CF97691C275A2CE7009EB0FA /* GenreListScreenViewModel.swift */,
				CF97691E275A2D06009EB0FA /* GenreListScreen.swift */,
			);
			path = "Genre List";
			sourceTree = "<group>";
		};
		CF976920275A2D22009EB0FA /* Genre Detail */ = {
			isa = PBXGroup;
			children = (
				CF976921275A2D3E009EB0FA /* GenreDetailInteractor.swift */,
				CF976923275A2D89009EB0FA /* GenreDetailScreenViewModel.swift */,
				CF976925275A2DA9009EB0FA /* GenreDetailScreen.swift */,
			);
			path = "Genre Detail";
			sourceTree = "<group>";
		};
		ED9A2FA1A13236724B6ED5AB /* Pods */ = {
			isa = PBXGroup;
			children = (
				FF673D01D8CE618EE3584C97 /* Pods-Genre.debug.xcconfig */,
				8675886D87440F434A39C783 /* Pods-Genre.release.xcconfig */,
			);
			name = Pods;
			path = ../../Pods;
			sourceTree = "<group>";
		};
/* End PBXGroup section */

/* Begin PBXHeadersBuildPhase section */
		CF2C11242750F62E00ADB197 /* Headers */ = {
			isa = PBXHeadersBuildPhase;
			buildActionMask = 2147483647;
			files = (
				CF2C113A2750F62E00ADB197 /* Genre.h in Headers */,
			);
			runOnlyForDeploymentPostprocessing = 0;
		};
/* End PBXHeadersBuildPhase section */

/* Begin PBXNativeTarget section */
		CF2C11282750F62E00ADB197 /* Genre */ = {
			isa = PBXNativeTarget;
			buildConfigurationList = CF2C113D2750F62E00ADB197 /* Build configuration list for PBXNativeTarget "Genre" */;
			buildPhases = (
				2273FCD0C187969E9717419D /* [CP] Check Pods Manifest.lock */,
				CF2C11242750F62E00ADB197 /* Headers */,
				CF2C11252750F62E00ADB197 /* Sources */,
				CF2C11262750F62E00ADB197 /* Frameworks */,
				CF2C11272750F62E00ADB197 /* Resources */,
				CF976914275A2C4D009EB0FA /* Embed Frameworks */,
			);
			buildRules = (
			);
			dependencies = (
			);
			name = Genre;
			productName = Genre;
			productReference = CF2C11292750F62E00ADB197 /* Genre.framework */;
			productType = "com.apple.product-type.framework";
		};
		CF2C11312750F62E00ADB197 /* GenreTests */ = {
			isa = PBXNativeTarget;
			buildConfigurationList = CF2C11402750F62E00ADB197 /* Build configuration list for PBXNativeTarget "GenreTests" */;
			buildPhases = (
				CF2C112E2750F62E00ADB197 /* Sources */,
				CF2C112F2750F62E00ADB197 /* Frameworks */,
				CF2C11302750F62E00ADB197 /* Resources */,
			);
			buildRules = (
			);
			dependencies = (
				CF2C11352750F62E00ADB197 /* PBXTargetDependency */,
			);
			name = GenreTests;
			productName = GenreTests;
			productReference = CF2C11322750F62E00ADB197 /* GenreTests.xctest */;
			productType = "com.apple.product-type.bundle.unit-test";
		};
/* End PBXNativeTarget section */

/* Begin PBXProject section */
		CF2C11202750F62E00ADB197 /* Project object */ = {
			isa = PBXProject;
			attributes = {
				LastSwiftUpdateCheck = 1250;
				LastUpgradeCheck = 1250;
				TargetAttributes = {
					CF2C11282750F62E00ADB197 = {
						CreatedOnToolsVersion = 12.5.1;
						LastSwiftMigration = 1250;
					};
					CF2C11312750F62E00ADB197 = {
						CreatedOnToolsVersion = 12.5.1;
					};
				};
			};
			buildConfigurationList = CF2C11232750F62E00ADB197 /* Build configuration list for PBXProject "Genre" */;
			compatibilityVersion = "Xcode 9.3";
			developmentRegion = en;
			hasScannedForEncodings = 0;
			knownRegions = (
				en,
				Base,
			);
			mainGroup = CF2C111F2750F62E00ADB197;
			productRefGroup = CF2C112A2750F62E00ADB197 /* Products */;
			projectDirPath = "";
			projectRoot = "";
			targets = (
				CF2C11282750F62E00ADB197 /* Genre */,
				CF2C11312750F62E00ADB197 /* GenreTests */,
			);
		};
/* End PBXProject section */

/* Begin PBXResourcesBuildPhase section */
		CF2C11272750F62E00ADB197 /* Resources */ = {
			isa = PBXResourcesBuildPhase;
			buildActionMask = 2147483647;
			files = (
			);
			runOnlyForDeploymentPostprocessing = 0;
		};
		CF2C11302750F62E00ADB197 /* Resources */ = {
			isa = PBXResourcesBuildPhase;
			buildActionMask = 2147483647;
			files = (
			);
			runOnlyForDeploymentPostprocessing = 0;
		};
/* End PBXResourcesBuildPhase section */

/* Begin PBXShellScriptBuildPhase section */
		2273FCD0C187969E9717419D /* [CP] Check Pods Manifest.lock */ = {
			isa = PBXShellScriptBuildPhase;
			buildActionMask = 2147483647;
			files = (
			);
			inputFileListPaths = (
			);
			inputPaths = (
				"${PODS_PODFILE_DIR_PATH}/Podfile.lock",
				"${PODS_ROOT}/Manifest.lock",
			);
			name = "[CP] Check Pods Manifest.lock";
			outputFileListPaths = (
			);
			outputPaths = (
				"$(DERIVED_FILE_DIR)/Pods-Genre-checkManifestLockResult.txt",
			);
			runOnlyForDeploymentPostprocessing = 0;
			shellPath = /bin/sh;
			shellScript = "diff \"${PODS_PODFILE_DIR_PATH}/Podfile.lock\" \"${PODS_ROOT}/Manifest.lock\" > /dev/null\nif [ $? != 0 ] ; then\n    # print error to STDERR\n    echo \"error: The sandbox is not in sync with the Podfile.lock. Run 'pod install' or update your CocoaPods installation.\" >&2\n    exit 1\nfi\n# This output is used by Xcode 'outputs' to avoid re-running this script phase.\necho \"SUCCESS\" > \"${SCRIPT_OUTPUT_FILE_0}\"\n";
			showEnvVarsInLog = 0;
		};
/* End PBXShellScriptBuildPhase section */

/* Begin PBXSourcesBuildPhase section */
		CF2C11252750F62E00ADB197 /* Sources */ = {
			isa = PBXSourcesBuildPhase;
			buildActionMask = 2147483647;
			files = (
				CF97691B275A2CC6009EB0FA /* GenreListInteractor.swift in Sources */,
				CF976922275A2D3E009EB0FA /* GenreDetailInteractor.swift in Sources */,
				CF97691F275A2D06009EB0FA /* GenreListScreen.swift in Sources */,
				CF976910275A2C44009EB0FA /* GenreModule.swift in Sources */,
				CF976924275A2D89009EB0FA /* GenreDetailScreenViewModel.swift in Sources */,
				CF97691D275A2CE7009EB0FA /* GenreListScreenViewModel.swift in Sources */,
				CF976926275A2DA9009EB0FA /* GenreDetailScreen.swift in Sources */,
			);
			runOnlyForDeploymentPostprocessing = 0;
		};
		CF2C112E2750F62E00ADB197 /* Sources */ = {
			isa = PBXSourcesBuildPhase;
			buildActionMask = 2147483647;
			files = (
			);
			runOnlyForDeploymentPostprocessing = 0;
		};
/* End PBXSourcesBuildPhase section */

/* Begin PBXTargetDependency section */
		CF2C11352750F62E00ADB197 /* PBXTargetDependency */ = {
			isa = PBXTargetDependency;
			target = CF2C11282750F62E00ADB197 /* Genre */;
			targetProxy = CF2C11342750F62E00ADB197 /* PBXContainerItemProxy */;
		};
/* End PBXTargetDependency section */

/* Begin XCBuildConfiguration section */
		CF2C113B2750F62E00ADB197 /* Debug */ = {
			isa = XCBuildConfiguration;
			buildSettings = {
				ALWAYS_SEARCH_USER_PATHS = NO;
				CLANG_ANALYZER_NONNULL = YES;
				CLANG_ANALYZER_NUMBER_OBJECT_CONVERSION = YES_AGGRESSIVE;
				CLANG_CXX_LANGUAGE_STANDARD = "gnu++14";
				CLANG_CXX_LIBRARY = "libc++";
				CLANG_ENABLE_MODULES = YES;
				CLANG_ENABLE_OBJC_ARC = YES;
				CLANG_ENABLE_OBJC_WEAK = YES;
				CLANG_WARN_BLOCK_CAPTURE_AUTORELEASING = YES;
				CLANG_WARN_BOOL_CONVERSION = YES;
				CLANG_WARN_COMMA = YES;
				CLANG_WARN_CONSTANT_CONVERSION = YES;
				CLANG_WARN_DEPRECATED_OBJC_IMPLEMENTATIONS = YES;
				CLANG_WARN_DIRECT_OBJC_ISA_USAGE = YES_ERROR;
				CLANG_WARN_DOCUMENTATION_COMMENTS = YES;
				CLANG_WARN_EMPTY_BODY = YES;
				CLANG_WARN_ENUM_CONVERSION = YES;
				CLANG_WARN_INFINITE_RECURSION = YES;
				CLANG_WARN_INT_CONVERSION = YES;
				CLANG_WARN_NON_LITERAL_NULL_CONVERSION = YES;
				CLANG_WARN_OBJC_IMPLICIT_RETAIN_SELF = YES;
				CLANG_WARN_OBJC_LITERAL_CONVERSION = YES;
				CLANG_WARN_OBJC_ROOT_CLASS = YES_ERROR;
				CLANG_WARN_QUOTED_INCLUDE_IN_FRAMEWORK_HEADER = YES;
				CLANG_WARN_RANGE_LOOP_ANALYSIS = YES;
				CLANG_WARN_STRICT_PROTOTYPES = YES;
				CLANG_WARN_SUSPICIOUS_MOVE = YES;
				CLANG_WARN_UNGUARDED_AVAILABILITY = YES_AGGRESSIVE;
				CLANG_WARN_UNREACHABLE_CODE = YES;
				CLANG_WARN__DUPLICATE_METHOD_MATCH = YES;
				COPY_PHASE_STRIP = NO;
				CURRENT_PROJECT_VERSION = 1;
				DEBUG_INFORMATION_FORMAT = dwarf;
				ENABLE_STRICT_OBJC_MSGSEND = YES;
				ENABLE_TESTABILITY = YES;
				GCC_C_LANGUAGE_STANDARD = gnu11;
				GCC_DYNAMIC_NO_PIC = NO;
				GCC_NO_COMMON_BLOCKS = YES;
				GCC_OPTIMIZATION_LEVEL = 0;
				GCC_PREPROCESSOR_DEFINITIONS = (
					"DEBUG=1",
					"$(inherited)",
				);
				GCC_WARN_64_TO_32_BIT_CONVERSION = YES;
				GCC_WARN_ABOUT_RETURN_TYPE = YES_ERROR;
				GCC_WARN_UNDECLARED_SELECTOR = YES;
				GCC_WARN_UNINITIALIZED_AUTOS = YES_AGGRESSIVE;
				GCC_WARN_UNUSED_FUNCTION = YES;
				GCC_WARN_UNUSED_VARIABLE = YES;
				IPHONEOS_DEPLOYMENT_TARGET = 14.5;
				MTL_ENABLE_DEBUG_INFO = INCLUDE_SOURCE;
				MTL_FAST_MATH = YES;
				ONLY_ACTIVE_ARCH = YES;
				SDKROOT = iphoneos;
				SWIFT_ACTIVE_COMPILATION_CONDITIONS = DEBUG;
				SWIFT_OPTIMIZATION_LEVEL = "-Onone";
				VERSIONING_SYSTEM = "apple-generic";
				VERSION_INFO_PREFIX = "";
			};
			name = Debug;
		};
		CF2C113C2750F62E00ADB197 /* Release */ = {
			isa = XCBuildConfiguration;
			buildSettings = {
				ALWAYS_SEARCH_USER_PATHS = NO;
				CLANG_ANALYZER_NONNULL = YES;
				CLANG_ANALYZER_NUMBER_OBJECT_CONVERSION = YES_AGGRESSIVE;
				CLANG_CXX_LANGUAGE_STANDARD = "gnu++14";
				CLANG_CXX_LIBRARY = "libc++";
				CLANG_ENABLE_MODULES = YES;
				CLANG_ENABLE_OBJC_ARC = YES;
				CLANG_ENABLE_OBJC_WEAK = YES;
				CLANG_WARN_BLOCK_CAPTURE_AUTORELEASING = YES;
				CLANG_WARN_BOOL_CONVERSION = YES;
				CLANG_WARN_COMMA = YES;
				CLANG_WARN_CONSTANT_CONVERSION = YES;
				CLANG_WARN_DEPRECATED_OBJC_IMPLEMENTATIONS = YES;
				CLANG_WARN_DIRECT_OBJC_ISA_USAGE = YES_ERROR;
				CLANG_WARN_DOCUMENTATION_COMMENTS = YES;
				CLANG_WARN_EMPTY_BODY = YES;
				CLANG_WARN_ENUM_CONVERSION = YES;
				CLANG_WARN_INFINITE_RECURSION = YES;
				CLANG_WARN_INT_CONVERSION = YES;
				CLANG_WARN_NON_LITERAL_NULL_CONVERSION = YES;
				CLANG_WARN_OBJC_IMPLICIT_RETAIN_SELF = YES;
				CLANG_WARN_OBJC_LITERAL_CONVERSION = YES;
				CLANG_WARN_OBJC_ROOT_CLASS = YES_ERROR;
				CLANG_WARN_QUOTED_INCLUDE_IN_FRAMEWORK_HEADER = YES;
				CLANG_WARN_RANGE_LOOP_ANALYSIS = YES;
				CLANG_WARN_STRICT_PROTOTYPES = YES;
				CLANG_WARN_SUSPICIOUS_MOVE = YES;
				CLANG_WARN_UNGUARDED_AVAILABILITY = YES_AGGRESSIVE;
				CLANG_WARN_UNREACHABLE_CODE = YES;
				CLANG_WARN__DUPLICATE_METHOD_MATCH = YES;
				COPY_PHASE_STRIP = NO;
				CURRENT_PROJECT_VERSION = 1;
				DEBUG_INFORMATION_FORMAT = "dwarf-with-dsym";
				ENABLE_NS_ASSERTIONS = NO;
				ENABLE_STRICT_OBJC_MSGSEND = YES;
				GCC_C_LANGUAGE_STANDARD = gnu11;
				GCC_NO_COMMON_BLOCKS = YES;
				GCC_WARN_64_TO_32_BIT_CONVERSION = YES;
				GCC_WARN_ABOUT_RETURN_TYPE = YES_ERROR;
				GCC_WARN_UNDECLARED_SELECTOR = YES;
				GCC_WARN_UNINITIALIZED_AUTOS = YES_AGGRESSIVE;
				GCC_WARN_UNUSED_FUNCTION = YES;
				GCC_WARN_UNUSED_VARIABLE = YES;
				IPHONEOS_DEPLOYMENT_TARGET = 14.5;
				MTL_ENABLE_DEBUG_INFO = NO;
				MTL_FAST_MATH = YES;
				SDKROOT = iphoneos;
				SWIFT_COMPILATION_MODE = wholemodule;
				SWIFT_OPTIMIZATION_LEVEL = "-O";
				VALIDATE_PRODUCT = YES;
				VERSIONING_SYSTEM = "apple-generic";
				VERSION_INFO_PREFIX = "";
			};
			name = Release;
		};
		CF2C113E2750F62E00ADB197 /* Debug */ = {
			isa = XCBuildConfiguration;
			baseConfigurationReference = FF673D01D8CE618EE3584C97 /* Pods-Genre.debug.xcconfig */;
			buildSettings = {
				CLANG_ENABLE_MODULES = YES;
				CODE_SIGN_STYLE = Automatic;
				DEFINES_MODULE = YES;
				DEVELOPMENT_TEAM = RLQU784C73;
				DYLIB_COMPATIBILITY_VERSION = 1;
				DYLIB_CURRENT_VERSION = 1;
				DYLIB_INSTALL_NAME_BASE = "@rpath";
				INFOPLIST_FILE = Genre/Info.plist;
				INSTALL_PATH = "$(LOCAL_LIBRARY_DIR)/Frameworks";
				LD_RUNPATH_SEARCH_PATHS = (
					"$(inherited)",
					"@executable_path/Frameworks",
					"@loader_path/Frameworks",
				);
				PRODUCT_BUNDLE_IDENTIFIER = "dev.rudiyanto.Game-Catalogue.feature.Genre";
				PRODUCT_NAME = "$(TARGET_NAME:c99extidentifier)";
				SKIP_INSTALL = YES;
				SWIFT_OPTIMIZATION_LEVEL = "-Onone";
				SWIFT_VERSION = 5.0;
				TARGETED_DEVICE_FAMILY = "1,2";
			};
			name = Debug;
		};
		CF2C113F2750F62E00ADB197 /* Release */ = {
			isa = XCBuildConfiguration;
			baseConfigurationReference = 8675886D87440F434A39C783 /* Pods-Genre.release.xcconfig */;
			buildSettings = {
				CLANG_ENABLE_MODULES = YES;
				CODE_SIGN_STYLE = Automatic;
				DEFINES_MODULE = YES;
				DEVELOPMENT_TEAM = RLQU784C73;
				DYLIB_COMPATIBILITY_VERSION = 1;
				DYLIB_CURRENT_VERSION = 1;
				DYLIB_INSTALL_NAME_BASE = "@rpath";
				INFOPLIST_FILE = Genre/Info.plist;
				INSTALL_PATH = "$(LOCAL_LIBRARY_DIR)/Frameworks";
				LD_RUNPATH_SEARCH_PATHS = (
					"$(inherited)",
					"@executable_path/Frameworks",
					"@loader_path/Frameworks",
				);
				PRODUCT_BUNDLE_IDENTIFIER = "dev.rudiyanto.Game-Catalogue.feature.Genre";
				PRODUCT_NAME = "$(TARGET_NAME:c99extidentifier)";
				SKIP_INSTALL = YES;
				SWIFT_VERSION = 5.0;
				TARGETED_DEVICE_FAMILY = "1,2";
			};
			name = Release;
		};
		CF2C11412750F62E00ADB197 /* Debug */ = {
			isa = XCBuildConfiguration;
			buildSettings = {
				ALWAYS_EMBED_SWIFT_STANDARD_LIBRARIES = YES;
				CODE_SIGN_STYLE = Automatic;
				DEVELOPMENT_TEAM = RLQU784C73;
				INFOPLIST_FILE = GenreTests/Info.plist;
				LD_RUNPATH_SEARCH_PATHS = (
					"$(inherited)",
					"@executable_path/Frameworks",
					"@loader_path/Frameworks",
				);
				PRODUCT_BUNDLE_IDENTIFIER = "dev.rudiyanto.Game-Catalogue.feature.GenreTests";
				PRODUCT_NAME = "$(TARGET_NAME)";
				SWIFT_VERSION = 5.0;
				TARGETED_DEVICE_FAMILY = "1,2";
			};
			name = Debug;
		};
		CF2C11422750F62E00ADB197 /* Release */ = {
			isa = XCBuildConfiguration;
			buildSettings = {
				ALWAYS_EMBED_SWIFT_STANDARD_LIBRARIES = YES;
				CODE_SIGN_STYLE = Automatic;
				DEVELOPMENT_TEAM = RLQU784C73;
				INFOPLIST_FILE = GenreTests/Info.plist;
				LD_RUNPATH_SEARCH_PATHS = (
					"$(inherited)",
					"@executable_path/Frameworks",
					"@loader_path/Frameworks",
				);
				PRODUCT_BUNDLE_IDENTIFIER = "dev.rudiyanto.Game-Catalogue.feature.GenreTests";
				PRODUCT_NAME = "$(TARGET_NAME)";
				SWIFT_VERSION = 5.0;
				TARGETED_DEVICE_FAMILY = "1,2";
			};
			name = Release;
		};
/* End XCBuildConfiguration section */

/* Begin XCConfigurationList section */
		CF2C11232750F62E00ADB197 /* Build configuration list for PBXProject "Genre" */ = {
			isa = XCConfigurationList;
			buildConfigurations = (
				CF2C113B2750F62E00ADB197 /* Debug */,
				CF2C113C2750F62E00ADB197 /* Release */,
			);
			defaultConfigurationIsVisible = 0;
			defaultConfigurationName = Release;
		};
		CF2C113D2750F62E00ADB197 /* Build configuration list for PBXNativeTarget "Genre" */ = {
			isa = XCConfigurationList;
			buildConfigurations = (
				CF2C113E2750F62E00ADB197 /* Debug */,
				CF2C113F2750F62E00ADB197 /* Release */,
			);
			defaultConfigurationIsVisible = 0;
			defaultConfigurationName = Release;
		};
		CF2C11402750F62E00ADB197 /* Build configuration list for PBXNativeTarget "GenreTests" */ = {
			isa = XCConfigurationList;
			buildConfigurations = (
				CF2C11412750F62E00ADB197 /* Debug */,
				CF2C11422750F62E00ADB197 /* Release */,
			);
			defaultConfigurationIsVisible = 0;
			defaultConfigurationName = Release;
		};
/* End XCConfigurationList section */
	};
	rootObject = CF2C11202750F62E00ADB197 /* Project object */;
}
